{
  "version": 4,
  "terraform_version": "1.14.0",
  "serial": 41,
  "lineage": "4fe953ca-8adc-7896-a4e6-d8f94226a3ad",
  "outputs": {
    "alb_dns": {
      "value": "alb1-790248790.ap-southeast-1.elb.amazonaws.com",
      "type": "string"
    },
    "application_private_ips": {
      "value": [
        "10.10.101.78",
        "10.10.102.49"
      ],
      "type": [
        "list",
        "string"
      ]
    },
    "bastion_public_ip": {
      "value": "13.212.213.34",
      "type": "string"
    },
    "mongodb_private_ip": {
      "value": "10.10.101.207",
      "type": "string"
    },
    "web_app_wait_command": {
      "value": "until curl --max-time 5 http://alb1-790248790.ap-southeast-1.elb.amazonaws.com \u003e/dev/null 2\u003e\u00261; do echo preparing...; sleep 5; done; echo; echo -e 'Ready!!'",
      "type": "string"
    }
  },
  "resources": [
    {
      "mode": "managed",
      "type": "aws_key_pair",
      "name": "duongcon-keypair",
      "provider": "provider[\"registry.terraform.io/hashicorp/aws\"]",
      "instances": [
        {
          "schema_version": 1,
          "attributes": {
            "arn": "arn:aws:ec2:ap-southeast-1:596757758746:key-pair/duongcon-keypair",
            "fingerprint": "96:83:7d:e4:36:27:98:c8:e4:55:78:ee:e4:76:42:61",
            "id": "duongcon-keypair",
            "key_name": "duongcon-keypair",
            "key_name_prefix": "",
            "key_pair_id": "key-0b5a71aa8af49e664",
            "key_type": "rsa",
            "public_key": "ssh-rsa AAAAB3NzaC1yc2EAAAADAQABAAACAQCjaCCmk0QkB0fw/51t2X6OD1tZnxfn2uHAC9sRTyir1korJtV9InKB7slJT7wSxS7aDeQIGwI8ogZrf4XFQZtw0fVAdVjmY9120L3h28J82Bt1675+0gVJwMls4gnH4z73G528tkzqL68cAeYkkHoONWU9/GjsenBSBNkbEzyyNsyTznZDOirzq4Dck5aPjLE3h3iZ/TahZjKdBNLxcm7li8pz99jgFZU+mVHHavA9znhQ0cUiqnMNh3WWe3OyTnQRW2/mn8K0Wyhq57PHJY8sIe9wqAuaZQyaCxXhbXfv8kI5cEtzmoq5a/Ma1Pb81IWzUrOcHGJOdGHpRdnPHAYbpCJ46ZrCbebtollMskCGnsNI8lb1ZJpuDuCFaP2GatpIZ9e78oKt0oVBpg+4VO7/Hvg6gjts2iTUmJc5n4gL0sp/fXer5gmacnLq2rKecjH1skQaT1STXBQ+r2Ga1db9ByoIGcFiejdGdNgUITRZgIdsFxgA8vjMq56Y/S5Oc013axoIFFQ2gvGpN8C0JiFc6bvrZl4SCsxf3S82UDxWwP0FGl9Uci6ydKQQMuda9gHWmQI+KY/ebzsBHxWW3IGOKAyDx6mfXGDRUyW96qMcbzWrKhsPl9x/f7U0RkmkX48L3ZzJMtD3TZvW8okIysf0qBKk6AUnluAN3PQemrHlfw== dendiduong@gmail.com",
            "region": "ap-southeast-1",
            "tags": null,
            "tags_all": {}
          },
          "sensitive_attributes": [],
          "identity_schema_version": 0,
          "private": "eyJzY2hlbWFfdmVyc2lvbiI6IjEifQ=="
        }
      ]
    },
    {
      "module": "module.application",
      "mode": "data",
      "type": "aws_instances",
      "name": "application",
      "provider": "provider[\"registry.terraform.io/hashicorp/aws\"]",
      "instances": [
        {
          "schema_version": 0,
          "attributes": {
            "filter": null,
            "id": "ap-southeast-1",
            "ids": [
              "i-0b5bad1a95775dea7",
              "i-029d485bcfdea9b33"
            ],
            "instance_state_names": [
              "pending",
              "running"
            ],
            "instance_tags": {
              "Name": "FrontendApp",
              "Owner": "DuongCon"
            },
            "ipv6_addresses": [],
            "private_ips": [
              "10.10.101.78",
              "10.10.102.49"
            ],
            "public_ips": [],
            "region": "ap-southeast-1",
            "timeouts": null
          },
          "sensitive_attributes": [],
          "identity_schema_version": 0
        }
      ]
    },
    {
      "module": "module.application",
      "mode": "data",
      "type": "template_cloudinit_config",
      "name": "config",
      "provider": "provider[\"registry.terraform.io/hashicorp/template\"]",
      "instances": [
        {
          "schema_version": 0,
          "attributes": {
            "base64_encode": false,
            "gzip": false,
            "id": "3002563843",
            "part": [
              {
                "content": "    #! /bin/bash\r\napt-get -y update\r\napt-get -y install nginx\r\napt-get -y install jq\r\n\r\nALB_DNS=alb1-790248790.ap-southeast-1.elb.amazonaws.com\r\nMONGODB_PRIVATEIP=10.10.101.207\r\n\r\nmkdir -p /tmp/cloudacademy-app\r\ncd /tmp/cloudacademy-app\r\n\r\necho ===========================\r\necho FRONTEND - download latest release and install...\r\nmkdir -p ./voteapp-frontend-react-2023\r\npushd ./voteapp-frontend-react-2023\r\ncurl -sL https://api.github.com/repos/cloudacademy/voteapp-frontend-react-2023/releases/latest | jq -r '.assets[0].browser_download_url' | xargs curl -OL\r\nINSTALL_FILENAME=$(curl -sL https://api.github.com/repos/cloudacademy/voteapp-frontend-react-2023/releases/latest | jq -r '.assets[0].name')\r\ntar -xvzf $INSTALL_FILENAME\r\nrm -rf /var/www/html\r\ncp -R build /var/www/html\r\ncat \u003e /var/www/html/env-config.js \u003c\u003c EOFF\r\nwindow._env_ = {REACT_APP_APIHOSTPORT: \"$ALB_DNS\"}\r\nEOFF\r\npopd\r\n\r\necho ===========================\r\necho API - download latest release, install, and start...\r\nmkdir -p ./voteapp-api-go\r\npushd ./voteapp-api-go\r\ncurl -sL https://api.github.com/repos/cloudacademy/voteapp-api-go/releases/latest | jq -r '.assets[] | select(.name | contains(\"linux-amd64\")) | .browser_download_url' | xargs curl -OL\r\nINSTALL_FILENAME=$(curl -sL https://api.github.com/repos/cloudacademy/voteapp-api-go/releases/latest | jq -r '.assets[] | select(.name | contains(\"linux-amd64\")) | .name')\r\ntar -xvzf $INSTALL_FILENAME\r\n#start the API up...\r\nMONGO_CONN_STR=mongodb://$MONGODB_PRIVATEIP:27017/langdb ./api \u0026\r\npopd\r\n\r\nsystemctl restart nginx\r\nsystemctl status nginx\r\necho fin v1.00!\r\n\r\n",
                "content_type": "text/x-shellscript",
                "filename": "",
                "merge_type": ""
              }
            ],
            "rendered": "Content-Type: multipart/mixed; boundary=\"MIMEBOUNDARY\"\nMIME-Version: 1.0\r\n\r\n--MIMEBOUNDARY\r\nContent-Transfer-Encoding: 7bit\r\nContent-Type: text/x-shellscript\r\nMime-Version: 1.0\r\n\r\n    #! /bin/bash\r\napt-get -y update\r\napt-get -y install nginx\r\napt-get -y install jq\r\n\r\nALB_DNS=alb1-790248790.ap-southeast-1.elb.amazonaws.com\r\nMONGODB_PRIVATEIP=10.10.101.207\r\n\r\nmkdir -p /tmp/cloudacademy-app\r\ncd /tmp/cloudacademy-app\r\n\r\necho ===========================\r\necho FRONTEND - download latest release and install...\r\nmkdir -p ./voteapp-frontend-react-2023\r\npushd ./voteapp-frontend-react-2023\r\ncurl -sL https://api.github.com/repos/cloudacademy/voteapp-frontend-react-2023/releases/latest | jq -r '.assets[0].browser_download_url' | xargs curl -OL\r\nINSTALL_FILENAME=$(curl -sL https://api.github.com/repos/cloudacademy/voteapp-frontend-react-2023/releases/latest | jq -r '.assets[0].name')\r\ntar -xvzf $INSTALL_FILENAME\r\nrm -rf /var/www/html\r\ncp -R build /var/www/html\r\ncat \u003e /var/www/html/env-config.js \u003c\u003c EOFF\r\nwindow._env_ = {REACT_APP_APIHOSTPORT: \"$ALB_DNS\"}\r\nEOFF\r\npopd\r\n\r\necho ===========================\r\necho API - download latest release, install, and start...\r\nmkdir -p ./voteapp-api-go\r\npushd ./voteapp-api-go\r\ncurl -sL https://api.github.com/repos/cloudacademy/voteapp-api-go/releases/latest | jq -r '.assets[] | select(.name | contains(\"linux-amd64\")) | .browser_download_url' | xargs curl -OL\r\nINSTALL_FILENAME=$(curl -sL https://api.github.com/repos/cloudacademy/voteapp-api-go/releases/latest | jq -r '.assets[] | select(.name | contains(\"linux-amd64\")) | .name')\r\ntar -xvzf $INSTALL_FILENAME\r\n#start the API up...\r\nMONGO_CONN_STR=mongodb://$MONGODB_PRIVATEIP:27017/langdb ./api \u0026\r\npopd\r\n\r\nsystemctl restart nginx\r\nsystemctl status nginx\r\necho fin v1.00!\r\n\r\n\r\n--MIMEBOUNDARY--\r\n"
          },
          "sensitive_attributes": [],
          "identity_schema_version": 0
        }
      ]
    },
    {
      "module": "module.application",
      "mode": "managed",
      "type": "aws_alb_listener",
      "name": "front_end",
      "provider": "provider[\"registry.terraform.io/hashicorp/aws\"]",
      "instances": [
        {
          "schema_version": 0,
          "attributes": {
            "alpn_policy": null,
            "arn": "arn:aws:elasticloadbalancing:ap-southeast-1:596757758746:listener/app/alb1/443852eeb60902d4/807f3c8fde3b4470",
            "certificate_arn": null,
            "default_action": [
              {
                "authenticate_cognito": [],
                "authenticate_oidc": [],
                "fixed_response": [],
                "forward": [],
                "jwt_validation": [],
                "order": 1,
                "redirect": [],
                "target_group_arn": "arn:aws:elasticloadbalancing:ap-southeast-1:596757758746:targetgroup/tf-20251209080746024400000009/1e254b6051ca2756",
                "type": "forward"
              }
            ],
            "id": "arn:aws:elasticloadbalancing:ap-southeast-1:596757758746:listener/app/alb1/443852eeb60902d4/807f3c8fde3b4470",
            "load_balancer_arn": "arn:aws:elasticloadbalancing:ap-southeast-1:596757758746:loadbalancer/app/alb1/443852eeb60902d4",
            "mutual_authentication": [],
            "port": 80,
            "protocol": "HTTP",
            "region": "ap-southeast-1",
            "routing_http_request_x_amzn_mtls_clientcert_header_name": null,
            "routing_http_request_x_amzn_mtls_clientcert_issuer_header_name": null,
            "routing_http_request_x_amzn_mtls_clientcert_leaf_header_name": null,
            "routing_http_request_x_amzn_mtls_clientcert_serial_number_header_name": null,
            "routing_http_request_x_amzn_mtls_clientcert_subject_header_name": null,
            "routing_http_request_x_amzn_mtls_clientcert_validity_header_name": null,
            "routing_http_request_x_amzn_tls_cipher_suite_header_name": null,
            "routing_http_request_x_amzn_tls_version_header_name": null,
            "routing_http_response_access_control_allow_credentials_header_value": "",
            "routing_http_response_access_control_allow_headers_header_value": "",
            "routing_http_response_access_control_allow_methods_header_value": "",
            "routing_http_response_access_control_allow_origin_header_value": "",
            "routing_http_response_access_control_expose_headers_header_value": "",
            "routing_http_response_access_control_max_age_header_value": "",
            "routing_http_response_content_security_policy_header_value": "",
            "routing_http_response_server_enabled": true,
            "routing_http_response_strict_transport_security_header_value": "",
            "routing_http_response_x_content_type_options_header_value": "",
            "routing_http_response_x_frame_options_header_value": "",
            "ssl_policy": "",
            "tags": null,
            "tags_all": {},
            "tcp_idle_timeout_seconds": null,
            "timeouts": null
          },
          "sensitive_attributes": [],
          "identity_schema_version": 0,
          "identity": {
            "arn": "arn:aws:elasticloadbalancing:ap-southeast-1:596757758746:listener/app/alb1/443852eeb60902d4/807f3c8fde3b4470"
          },
          "private": "eyJlMmJmYjczMC1lY2FhLTExZTYtOGY4OC0zNDM2M2JjN2M0YzAiOnsiY3JlYXRlIjozMDAwMDAwMDAwMDAsInVwZGF0ZSI6MzAwMDAwMDAwMDAwfX0=",
          "dependencies": [
            "aws_key_pair.duongcon-keypair",
            "module.application.aws_alb_target_group.webserver",
            "module.application.aws_lb.alb1",
            "module.network.module.vpc.aws_cloudwatch_log_group.flow_log",
            "module.network.module.vpc.aws_customer_gateway.this",
            "module.network.module.vpc.aws_db_subnet_group.database",
            "module.network.module.vpc.aws_default_network_acl.this",
            "module.network.module.vpc.aws_default_route_table.default",
            "module.network.module.vpc.aws_default_security_group.this",
            "module.network.module.vpc.aws_default_vpc.this",
            "module.network.module.vpc.aws_egress_only_internet_gateway.this",
            "module.network.module.vpc.aws_eip.nat",
            "module.network.module.vpc.aws_elasticache_subnet_group.elasticache",
            "module.network.module.vpc.aws_flow_log.this",
            "module.network.module.vpc.aws_iam_policy.vpc_flow_log_cloudwatch",
            "module.network.module.vpc.aws_iam_role.vpc_flow_log_cloudwatch",
            "module.network.module.vpc.aws_iam_role_policy_attachment.vpc_flow_log_cloudwatch",
            "module.network.module.vpc.aws_internet_gateway.this",
            "module.network.module.vpc.aws_nat_gateway.this",
            "module.network.module.vpc.aws_network_acl.database",
            "module.network.module.vpc.aws_network_acl.elasticache",
            "module.network.module.vpc.aws_network_acl.intra",
            "module.network.module.vpc.aws_network_acl.outpost",
            "module.network.module.vpc.aws_network_acl.private",
            "module.network.module.vpc.aws_network_acl.public",
            "module.network.module.vpc.aws_network_acl.redshift",
            "module.network.module.vpc.aws_network_acl_rule.database_inbound",
            "module.network.module.vpc.aws_network_acl_rule.database_outbound",
            "module.network.module.vpc.aws_network_acl_rule.elasticache_inbound",
            "module.network.module.vpc.aws_network_acl_rule.elasticache_outbound",
            "module.network.module.vpc.aws_network_acl_rule.intra_inbound",
            "module.network.module.vpc.aws_network_acl_rule.intra_outbound",
            "module.network.module.vpc.aws_network_acl_rule.outpost_inbound",
            "module.network.module.vpc.aws_network_acl_rule.outpost_outbound",
            "module.network.module.vpc.aws_network_acl_rule.private_inbound",
            "module.network.module.vpc.aws_network_acl_rule.private_outbound",
            "module.network.module.vpc.aws_network_acl_rule.public_inbound",
            "module.network.module.vpc.aws_network_acl_rule.public_outbound",
            "module.network.module.vpc.aws_network_acl_rule.redshift_inbound",
            "module.network.module.vpc.aws_network_acl_rule.redshift_outbound",
            "module.network.module.vpc.aws_redshift_subnet_group.redshift",
            "module.network.module.vpc.aws_route.database_dns64_nat_gateway",
            "module.network.module.vpc.aws_route.database_internet_gateway",
            "module.network.module.vpc.aws_route.database_ipv6_egress",
            "module.network.module.vpc.aws_route.database_nat_gateway",
            "module.network.module.vpc.aws_route.private_dns64_nat_gateway",
            "module.network.module.vpc.aws_route.private_ipv6_egress",
            "module.network.module.vpc.aws_route.private_nat_gateway",
            "module.network.module.vpc.aws_route.public_internet_gateway",
            "module.network.module.vpc.aws_route.public_internet_gateway_ipv6",
            "module.network.module.vpc.aws_route_table.database",
            "module.network.module.vpc.aws_route_table.elasticache",
            "module.network.module.vpc.aws_route_table.intra",
            "module.network.module.vpc.aws_route_table.private",
            "module.network.module.vpc.aws_route_table.public",
            "module.network.module.vpc.aws_route_table.redshift",
            "module.network.module.vpc.aws_route_table_association.database",
            "module.network.module.vpc.aws_route_table_association.elasticache",
            "module.network.module.vpc.aws_route_table_association.intra",
            "module.network.module.vpc.aws_route_table_association.outpost",
            "module.network.module.vpc.aws_route_table_association.private",
            "module.network.module.vpc.aws_route_table_association.public",
            "module.network.module.vpc.aws_route_table_association.redshift",
            "module.network.module.vpc.aws_route_table_association.redshift_public",
            "module.network.module.vpc.aws_subnet.database",
            "module.network.module.vpc.aws_subnet.elasticache",
            "module.network.module.vpc.aws_subnet.intra",
            "module.network.module.vpc.aws_subnet.outpost",
            "module.network.module.vpc.aws_subnet.private",
            "module.network.module.vpc.aws_subnet.public",
            "module.network.module.vpc.aws_subnet.redshift",
            "module.network.module.vpc.aws_vpc.this",
            "module.network.module.vpc.aws_vpc_dhcp_options.this",
            "module.network.module.vpc.aws_vpc_dhcp_options_association.this",
            "module.network.module.vpc.aws_vpc_ipv4_cidr_block_association.this",
            "module.network.module.vpc.aws_vpn_gateway.this",
            "module.network.module.vpc.aws_vpn_gateway_attachment.this",
            "module.network.module.vpc.aws_vpn_gateway_route_propagation.intra",
            "module.network.module.vpc.aws_vpn_gateway_route_propagation.private",
            "module.network.module.vpc.aws_vpn_gateway_route_propagation.public",
            "module.network.module.vpc.data.aws_iam_policy_document.flow_log_cloudwatch_assume_role",
            "module.network.module.vpc.data.aws_iam_policy_document.vpc_flow_log_cloudwatch",
            "module.security.aws_security_group.alb",
            "module.security.aws_security_group.application",
            "module.security.aws_security_group.bastion",
            "module.security.aws_security_group.mongodb",
            "module.storage.aws_instance.mongo"
          ]
        }
      ]
    },
    {
      "module": "module.application",
      "mode": "managed",
      "type": "aws_alb_listener_rule",
      "name": "api_rule1",
      "provider": "provider[\"registry.terraform.io/hashicorp/aws\"]",
      "instances": [
        {
          "schema_version": 0,
          "attributes": {
            "action": [
              {
                "authenticate_cognito": [],
                "authenticate_oidc": [],
                "fixed_response": [],
                "forward": [],
                "jwt_validation": [],
                "order": 1,
                "redirect": [],
                "target_group_arn": "arn:aws:elasticloadbalancing:ap-southeast-1:596757758746:targetgroup/tf-20251209080746023900000008/e6a150d1ff77017e",
                "type": "forward"
              }
            ],
            "arn": "arn:aws:elasticloadbalancing:ap-southeast-1:596757758746:listener-rule/app/alb1/443852eeb60902d4/807f3c8fde3b4470/fdb999dbf0fdb3b7",
            "condition": [
              {
                "host_header": [],
                "http_header": [],
                "http_request_method": [],
                "path_pattern": [
                  {
                    "regex_values": [],
                    "values": [
                      "/languages",
                      "/languages/*",
                      "/languages/*/*",
                      "/ok"
                    ]
                  }
                ],
                "query_string": [],
                "source_ip": []
              }
            ],
            "id": "arn:aws:elasticloadbalancing:ap-southeast-1:596757758746:listener-rule/app/alb1/443852eeb60902d4/807f3c8fde3b4470/fdb999dbf0fdb3b7",
            "listener_arn": "arn:aws:elasticloadbalancing:ap-southeast-1:596757758746:listener/app/alb1/443852eeb60902d4/807f3c8fde3b4470",
            "priority": 10,
            "region": "ap-southeast-1",
            "tags": null,
            "tags_all": {},
            "transform": []
          },
          "sensitive_attributes": [],
          "identity_schema_version": 0,
          "identity": {
            "arn": "arn:aws:elasticloadbalancing:ap-southeast-1:596757758746:listener-rule/app/alb1/443852eeb60902d4/807f3c8fde3b4470/fdb999dbf0fdb3b7"
          },
          "private": "bnVsbA==",
          "dependencies": [
            "aws_key_pair.duongcon-keypair",
            "module.application.aws_alb_listener.front_end",
            "module.application.aws_alb_target_group.api",
            "module.application.aws_alb_target_group.webserver",
            "module.application.aws_lb.alb1",
            "module.network.module.vpc.aws_cloudwatch_log_group.flow_log",
            "module.network.module.vpc.aws_customer_gateway.this",
            "module.network.module.vpc.aws_db_subnet_group.database",
            "module.network.module.vpc.aws_default_network_acl.this",
            "module.network.module.vpc.aws_default_route_table.default",
            "module.network.module.vpc.aws_default_security_group.this",
            "module.network.module.vpc.aws_default_vpc.this",
            "module.network.module.vpc.aws_egress_only_internet_gateway.this",
            "module.network.module.vpc.aws_eip.nat",
            "module.network.module.vpc.aws_elasticache_subnet_group.elasticache",
            "module.network.module.vpc.aws_flow_log.this",
            "module.network.module.vpc.aws_iam_policy.vpc_flow_log_cloudwatch",
            "module.network.module.vpc.aws_iam_role.vpc_flow_log_cloudwatch",
            "module.network.module.vpc.aws_iam_role_policy_attachment.vpc_flow_log_cloudwatch",
            "module.network.module.vpc.aws_internet_gateway.this",
            "module.network.module.vpc.aws_nat_gateway.this",
            "module.network.module.vpc.aws_network_acl.database",
            "module.network.module.vpc.aws_network_acl.elasticache",
            "module.network.module.vpc.aws_network_acl.intra",
            "module.network.module.vpc.aws_network_acl.outpost",
            "module.network.module.vpc.aws_network_acl.private",
            "module.network.module.vpc.aws_network_acl.public",
            "module.network.module.vpc.aws_network_acl.redshift",
            "module.network.module.vpc.aws_network_acl_rule.database_inbound",
            "module.network.module.vpc.aws_network_acl_rule.database_outbound",
            "module.network.module.vpc.aws_network_acl_rule.elasticache_inbound",
            "module.network.module.vpc.aws_network_acl_rule.elasticache_outbound",
            "module.network.module.vpc.aws_network_acl_rule.intra_inbound",
            "module.network.module.vpc.aws_network_acl_rule.intra_outbound",
            "module.network.module.vpc.aws_network_acl_rule.outpost_inbound",
            "module.network.module.vpc.aws_network_acl_rule.outpost_outbound",
            "module.network.module.vpc.aws_network_acl_rule.private_inbound",
            "module.network.module.vpc.aws_network_acl_rule.private_outbound",
            "module.network.module.vpc.aws_network_acl_rule.public_inbound",
            "module.network.module.vpc.aws_network_acl_rule.public_outbound",
            "module.network.module.vpc.aws_network_acl_rule.redshift_inbound",
            "module.network.module.vpc.aws_network_acl_rule.redshift_outbound",
            "module.network.module.vpc.aws_redshift_subnet_group.redshift",
            "module.network.module.vpc.aws_route.database_dns64_nat_gateway",
            "module.network.module.vpc.aws_route.database_internet_gateway",
            "module.network.module.vpc.aws_route.database_ipv6_egress",
            "module.network.module.vpc.aws_route.database_nat_gateway",
            "module.network.module.vpc.aws_route.private_dns64_nat_gateway",
            "module.network.module.vpc.aws_route.private_ipv6_egress",
            "module.network.module.vpc.aws_route.private_nat_gateway",
            "module.network.module.vpc.aws_route.public_internet_gateway",
            "module.network.module.vpc.aws_route.public_internet_gateway_ipv6",
            "module.network.module.vpc.aws_route_table.database",
            "module.network.module.vpc.aws_route_table.elasticache",
            "module.network.module.vpc.aws_route_table.intra",
            "module.network.module.vpc.aws_route_table.private",
            "module.network.module.vpc.aws_route_table.public",
            "module.network.module.vpc.aws_route_table.redshift",
            "module.network.module.vpc.aws_route_table_association.database",
            "module.network.module.vpc.aws_route_table_association.elasticache",
            "module.network.module.vpc.aws_route_table_association.intra",
            "module.network.module.vpc.aws_route_table_association.outpost",
            "module.network.module.vpc.aws_route_table_association.private",
            "module.network.module.vpc.aws_route_table_association.public",
            "module.network.module.vpc.aws_route_table_association.redshift",
            "module.network.module.vpc.aws_route_table_association.redshift_public",
            "module.network.module.vpc.aws_subnet.database",
            "module.network.module.vpc.aws_subnet.elasticache",
            "module.network.module.vpc.aws_subnet.intra",
            "module.network.module.vpc.aws_subnet.outpost",
            "module.network.module.vpc.aws_subnet.private",
            "module.network.module.vpc.aws_subnet.public",
            "module.network.module.vpc.aws_subnet.redshift",
            "module.network.module.vpc.aws_vpc.this",
            "module.network.module.vpc.aws_vpc_dhcp_options.this",
            "module.network.module.vpc.aws_vpc_dhcp_options_association.this",
            "module.network.module.vpc.aws_vpc_ipv4_cidr_block_association.this",
            "module.network.module.vpc.aws_vpn_gateway.this",
            "module.network.module.vpc.aws_vpn_gateway_attachment.this",
            "module.network.module.vpc.aws_vpn_gateway_route_propagation.intra",
            "module.network.module.vpc.aws_vpn_gateway_route_propagation.private",
            "module.network.module.vpc.aws_vpn_gateway_route_propagation.public",
            "module.network.module.vpc.data.aws_iam_policy_document.flow_log_cloudwatch_assume_role",
            "module.network.module.vpc.data.aws_iam_policy_document.vpc_flow_log_cloudwatch",
            "module.security.aws_security_group.alb",
            "module.security.aws_security_group.application",
            "module.security.aws_security_group.bastion",
            "module.security.aws_security_group.mongodb",
            "module.storage.aws_instance.mongo"
          ]
        }
      ]
    },
    {
      "module": "module.application",
      "mode": "managed",
      "type": "aws_alb_listener_rule",
      "name": "frontend_rule1",
      "provider": "provider[\"registry.terraform.io/hashicorp/aws\"]",
      "instances": [
        {
          "schema_version": 0,
          "attributes": {
            "action": [
              {
                "authenticate_cognito": [],
                "authenticate_oidc": [],
                "fixed_response": [],
                "forward": [],
                "jwt_validation": [],
                "order": 1,
                "redirect": [],
                "target_group_arn": "arn:aws:elasticloadbalancing:ap-southeast-1:596757758746:targetgroup/tf-20251209080746024400000009/1e254b6051ca2756",
                "type": "forward"
              }
            ],
            "arn": "arn:aws:elasticloadbalancing:ap-southeast-1:596757758746:listener-rule/app/alb1/443852eeb60902d4/807f3c8fde3b4470/f25634600a1c506c",
            "condition": [
              {
                "host_header": [],
                "http_header": [],
                "http_request_method": [],
                "path_pattern": [
                  {
                    "regex_values": [],
                    "values": [
                      "/"
                    ]
                  }
                ],
                "query_string": [],
                "source_ip": []
              }
            ],
            "id": "arn:aws:elasticloadbalancing:ap-southeast-1:596757758746:listener-rule/app/alb1/443852eeb60902d4/807f3c8fde3b4470/f25634600a1c506c",
            "listener_arn": "arn:aws:elasticloadbalancing:ap-southeast-1:596757758746:listener/app/alb1/443852eeb60902d4/807f3c8fde3b4470",
            "priority": 100,
            "region": "ap-southeast-1",
            "tags": null,
            "tags_all": {},
            "transform": []
          },
          "sensitive_attributes": [],
          "identity_schema_version": 0,
          "identity": {
            "arn": "arn:aws:elasticloadbalancing:ap-southeast-1:596757758746:listener-rule/app/alb1/443852eeb60902d4/807f3c8fde3b4470/f25634600a1c506c"
          },
          "private": "bnVsbA==",
          "dependencies": [
            "aws_key_pair.duongcon-keypair",
            "module.application.aws_alb_listener.front_end",
            "module.application.aws_alb_target_group.webserver",
            "module.application.aws_lb.alb1",
            "module.network.module.vpc.aws_cloudwatch_log_group.flow_log",
            "module.network.module.vpc.aws_customer_gateway.this",
            "module.network.module.vpc.aws_db_subnet_group.database",
            "module.network.module.vpc.aws_default_network_acl.this",
            "module.network.module.vpc.aws_default_route_table.default",
            "module.network.module.vpc.aws_default_security_group.this",
            "module.network.module.vpc.aws_default_vpc.this",
            "module.network.module.vpc.aws_egress_only_internet_gateway.this",
            "module.network.module.vpc.aws_eip.nat",
            "module.network.module.vpc.aws_elasticache_subnet_group.elasticache",
            "module.network.module.vpc.aws_flow_log.this",
            "module.network.module.vpc.aws_iam_policy.vpc_flow_log_cloudwatch",
            "module.network.module.vpc.aws_iam_role.vpc_flow_log_cloudwatch",
            "module.network.module.vpc.aws_iam_role_policy_attachment.vpc_flow_log_cloudwatch",
            "module.network.module.vpc.aws_internet_gateway.this",
            "module.network.module.vpc.aws_nat_gateway.this",
            "module.network.module.vpc.aws_network_acl.database",
            "module.network.module.vpc.aws_network_acl.elasticache",
            "module.network.module.vpc.aws_network_acl.intra",
            "module.network.module.vpc.aws_network_acl.outpost",
            "module.network.module.vpc.aws_network_acl.private",
            "module.network.module.vpc.aws_network_acl.public",
            "module.network.module.vpc.aws_network_acl.redshift",
            "module.network.module.vpc.aws_network_acl_rule.database_inbound",
            "module.network.module.vpc.aws_network_acl_rule.database_outbound",
            "module.network.module.vpc.aws_network_acl_rule.elasticache_inbound",
            "module.network.module.vpc.aws_network_acl_rule.elasticache_outbound",
            "module.network.module.vpc.aws_network_acl_rule.intra_inbound",
            "module.network.module.vpc.aws_network_acl_rule.intra_outbound",
            "module.network.module.vpc.aws_network_acl_rule.outpost_inbound",
            "module.network.module.vpc.aws_network_acl_rule.outpost_outbound",
            "module.network.module.vpc.aws_network_acl_rule.private_inbound",
            "module.network.module.vpc.aws_network_acl_rule.private_outbound",
            "module.network.module.vpc.aws_network_acl_rule.public_inbound",
            "module.network.module.vpc.aws_network_acl_rule.public_outbound",
            "module.network.module.vpc.aws_network_acl_rule.redshift_inbound",
            "module.network.module.vpc.aws_network_acl_rule.redshift_outbound",
            "module.network.module.vpc.aws_redshift_subnet_group.redshift",
            "module.network.module.vpc.aws_route.database_dns64_nat_gateway",
            "module.network.module.vpc.aws_route.database_internet_gateway",
            "module.network.module.vpc.aws_route.database_ipv6_egress",
            "module.network.module.vpc.aws_route.database_nat_gateway",
            "module.network.module.vpc.aws_route.private_dns64_nat_gateway",
            "module.network.module.vpc.aws_route.private_ipv6_egress",
            "module.network.module.vpc.aws_route.private_nat_gateway",
            "module.network.module.vpc.aws_route.public_internet_gateway",
            "module.network.module.vpc.aws_route.public_internet_gateway_ipv6",
            "module.network.module.vpc.aws_route_table.database",
            "module.network.module.vpc.aws_route_table.elasticache",
            "module.network.module.vpc.aws_route_table.intra",
            "module.network.module.vpc.aws_route_table.private",
            "module.network.module.vpc.aws_route_table.public",
            "module.network.module.vpc.aws_route_table.redshift",
            "module.network.module.vpc.aws_route_table_association.database",
            "module.network.module.vpc.aws_route_table_association.elasticache",
            "module.network.module.vpc.aws_route_table_association.intra",
            "module.network.module.vpc.aws_route_table_association.outpost",
            "module.network.module.vpc.aws_route_table_association.private",
            "module.network.module.vpc.aws_route_table_association.public",
            "module.network.module.vpc.aws_route_table_association.redshift",
            "module.network.module.vpc.aws_route_table_association.redshift_public",
            "module.network.module.vpc.aws_subnet.database",
            "module.network.module.vpc.aws_subnet.elasticache",
            "module.network.module.vpc.aws_subnet.intra",
            "module.network.module.vpc.aws_subnet.outpost",
            "module.network.module.vpc.aws_subnet.private",
            "module.network.module.vpc.aws_subnet.public",
            "module.network.module.vpc.aws_subnet.redshift",
            "module.network.module.vpc.aws_vpc.this",
            "module.network.module.vpc.aws_vpc_dhcp_options.this",
            "module.network.module.vpc.aws_vpc_dhcp_options_association.this",
            "module.network.module.vpc.aws_vpc_ipv4_cidr_block_association.this",
            "module.network.module.vpc.aws_vpn_gateway.this",
            "module.network.module.vpc.aws_vpn_gateway_attachment.this",
            "module.network.module.vpc.aws_vpn_gateway_route_propagation.intra",
            "module.network.module.vpc.aws_vpn_gateway_route_propagation.private",
            "module.network.module.vpc.aws_vpn_gateway_route_propagation.public",
            "module.network.module.vpc.data.aws_iam_policy_document.flow_log_cloudwatch_assume_role",
            "module.network.module.vpc.data.aws_iam_policy_document.vpc_flow_log_cloudwatch",
            "module.security.aws_security_group.alb",
            "module.security.aws_security_group.application",
            "module.security.aws_security_group.bastion",
            "module.security.aws_security_group.mongodb",
            "module.storage.aws_instance.mongo"
          ]
        }
      ]
    },
    {
      "module": "module.application",
      "mode": "managed",
      "type": "aws_alb_target_group",
      "name": "api",
      "provider": "provider[\"registry.terraform.io/hashicorp/aws\"]",
      "instances": [
        {
          "schema_version": 0,
          "attributes": {
            "arn": "arn:aws:elasticloadbalancing:ap-southeast-1:596757758746:targetgroup/tf-20251209080746023900000008/e6a150d1ff77017e",
            "arn_suffix": "targetgroup/tf-20251209080746023900000008/e6a150d1ff77017e",
            "connection_termination": null,
            "deregistration_delay": "300",
            "health_check": [
              {
                "enabled": true,
                "healthy_threshold": 3,
                "interval": 10,
                "matcher": "200",
                "path": "/ok",
                "port": "traffic-port",
                "protocol": "HTTP",
                "timeout": 5,
                "unhealthy_threshold": 6
              }
            ],
            "id": "arn:aws:elasticloadbalancing:ap-southeast-1:596757758746:targetgroup/tf-20251209080746023900000008/e6a150d1ff77017e",
            "ip_address_type": "ipv4",
            "lambda_multi_value_headers_enabled": false,
            "load_balancer_arns": [],
            "load_balancing_algorithm_type": "round_robin",
            "load_balancing_anomaly_mitigation": "off",
            "load_balancing_cross_zone_enabled": "use_load_balancer_configuration",
            "name": "tf-20251209080746023900000008",
            "name_prefix": "tf-",
            "port": 8080,
            "preserve_client_ip": null,
            "protocol": "HTTP",
            "protocol_version": "HTTP1",
            "proxy_protocol_v2": false,
            "region": "ap-southeast-1",
            "slow_start": 0,
            "stickiness": [
              {
                "cookie_duration": 86400,
                "cookie_name": "",
                "enabled": false,
                "type": "lb_cookie"
              }
            ],
            "tags": null,
            "tags_all": {},
            "target_control_port": 0,
            "target_failover": [
              {
                "on_deregistration": null,
                "on_unhealthy": null
              }
            ],
            "target_group_health": [
              {
                "dns_failover": [
                  {
                    "minimum_healthy_targets_count": "1",
                    "minimum_healthy_targets_percentage": "off"
                  }
                ],
                "unhealthy_state_routing": [
                  {
                    "minimum_healthy_targets_count": 1,
                    "minimum_healthy_targets_percentage": "off"
                  }
                ]
              }
            ],
            "target_health_state": [
              {
                "enable_unhealthy_connection_termination": null,
                "unhealthy_draining_interval": null
              }
            ],
            "target_type": "instance",
            "vpc_id": "vpc-07283535c32223c98"
          },
          "sensitive_attributes": [],
          "identity_schema_version": 0,
          "identity": {
            "arn": "arn:aws:elasticloadbalancing:ap-southeast-1:596757758746:targetgroup/tf-20251209080746023900000008/e6a150d1ff77017e"
          },
          "private": "bnVsbA==",
          "dependencies": [
            "aws_key_pair.duongcon-keypair",
            "module.network.module.vpc.aws_cloudwatch_log_group.flow_log",
            "module.network.module.vpc.aws_customer_gateway.this",
            "module.network.module.vpc.aws_db_subnet_group.database",
            "module.network.module.vpc.aws_default_network_acl.this",
            "module.network.module.vpc.aws_default_route_table.default",
            "module.network.module.vpc.aws_default_security_group.this",
            "module.network.module.vpc.aws_default_vpc.this",
            "module.network.module.vpc.aws_egress_only_internet_gateway.this",
            "module.network.module.vpc.aws_eip.nat",
            "module.network.module.vpc.aws_elasticache_subnet_group.elasticache",
            "module.network.module.vpc.aws_flow_log.this",
            "module.network.module.vpc.aws_iam_policy.vpc_flow_log_cloudwatch",
            "module.network.module.vpc.aws_iam_role.vpc_flow_log_cloudwatch",
            "module.network.module.vpc.aws_iam_role_policy_attachment.vpc_flow_log_cloudwatch",
            "module.network.module.vpc.aws_internet_gateway.this",
            "module.network.module.vpc.aws_nat_gateway.this",
            "module.network.module.vpc.aws_network_acl.database",
            "module.network.module.vpc.aws_network_acl.elasticache",
            "module.network.module.vpc.aws_network_acl.intra",
            "module.network.module.vpc.aws_network_acl.outpost",
            "module.network.module.vpc.aws_network_acl.private",
            "module.network.module.vpc.aws_network_acl.public",
            "module.network.module.vpc.aws_network_acl.redshift",
            "module.network.module.vpc.aws_network_acl_rule.database_inbound",
            "module.network.module.vpc.aws_network_acl_rule.database_outbound",
            "module.network.module.vpc.aws_network_acl_rule.elasticache_inbound",
            "module.network.module.vpc.aws_network_acl_rule.elasticache_outbound",
            "module.network.module.vpc.aws_network_acl_rule.intra_inbound",
            "module.network.module.vpc.aws_network_acl_rule.intra_outbound",
            "module.network.module.vpc.aws_network_acl_rule.outpost_inbound",
            "module.network.module.vpc.aws_network_acl_rule.outpost_outbound",
            "module.network.module.vpc.aws_network_acl_rule.private_inbound",
            "module.network.module.vpc.aws_network_acl_rule.private_outbound",
            "module.network.module.vpc.aws_network_acl_rule.public_inbound",
            "module.network.module.vpc.aws_network_acl_rule.public_outbound",
            "module.network.module.vpc.aws_network_acl_rule.redshift_inbound",
            "module.network.module.vpc.aws_network_acl_rule.redshift_outbound",
            "module.network.module.vpc.aws_redshift_subnet_group.redshift",
            "module.network.module.vpc.aws_route.database_dns64_nat_gateway",
            "module.network.module.vpc.aws_route.database_internet_gateway",
            "module.network.module.vpc.aws_route.database_ipv6_egress",
            "module.network.module.vpc.aws_route.database_nat_gateway",
            "module.network.module.vpc.aws_route.private_dns64_nat_gateway",
            "module.network.module.vpc.aws_route.private_ipv6_egress",
            "module.network.module.vpc.aws_route.private_nat_gateway",
            "module.network.module.vpc.aws_route.public_internet_gateway",
            "module.network.module.vpc.aws_route.public_internet_gateway_ipv6",
            "module.network.module.vpc.aws_route_table.database",
            "module.network.module.vpc.aws_route_table.elasticache",
            "module.network.module.vpc.aws_route_table.intra",
            "module.network.module.vpc.aws_route_table.private",
            "module.network.module.vpc.aws_route_table.public",
            "module.network.module.vpc.aws_route_table.redshift",
            "module.network.module.vpc.aws_route_table_association.database",
            "module.network.module.vpc.aws_route_table_association.elasticache",
            "module.network.module.vpc.aws_route_table_association.intra",
            "module.network.module.vpc.aws_route_table_association.outpost",
            "module.network.module.vpc.aws_route_table_association.private",
            "module.network.module.vpc.aws_route_table_association.public",
            "module.network.module.vpc.aws_route_table_association.redshift",
            "module.network.module.vpc.aws_route_table_association.redshift_public",
            "module.network.module.vpc.aws_subnet.database",
            "module.network.module.vpc.aws_subnet.elasticache",
            "module.network.module.vpc.aws_subnet.intra",
            "module.network.module.vpc.aws_subnet.outpost",
            "module.network.module.vpc.aws_subnet.private",
            "module.network.module.vpc.aws_subnet.public",
            "module.network.module.vpc.aws_subnet.redshift",
            "module.network.module.vpc.aws_vpc.this",
            "module.network.module.vpc.aws_vpc_dhcp_options.this",
            "module.network.module.vpc.aws_vpc_dhcp_options_association.this",
            "module.network.module.vpc.aws_vpc_ipv4_cidr_block_association.this",
            "module.network.module.vpc.aws_vpn_gateway.this",
            "module.network.module.vpc.aws_vpn_gateway_attachment.this",
            "module.network.module.vpc.aws_vpn_gateway_route_propagation.intra",
            "module.network.module.vpc.aws_vpn_gateway_route_propagation.private",
            "module.network.module.vpc.aws_vpn_gateway_route_propagation.public",
            "module.network.module.vpc.data.aws_iam_policy_document.flow_log_cloudwatch_assume_role",
            "module.network.module.vpc.data.aws_iam_policy_document.vpc_flow_log_cloudwatch",
            "module.security.aws_security_group.alb",
            "module.security.aws_security_group.application",
            "module.security.aws_security_group.bastion",
            "module.security.aws_security_group.mongodb",
            "module.storage.aws_instance.mongo"
          ]
        }
      ]
    },
    {
      "module": "module.application",
      "mode": "managed",
      "type": "aws_alb_target_group",
      "name": "webserver",
      "provider": "provider[\"registry.terraform.io/hashicorp/aws\"]",
      "instances": [
        {
          "schema_version": 0,
          "attributes": {
            "arn": "arn:aws:elasticloadbalancing:ap-southeast-1:596757758746:targetgroup/tf-20251209080746024400000009/1e254b6051ca2756",
            "arn_suffix": "targetgroup/tf-20251209080746024400000009/1e254b6051ca2756",
            "connection_termination": null,
            "deregistration_delay": "300",
            "health_check": [
              {
                "enabled": true,
                "healthy_threshold": 3,
                "interval": 10,
                "matcher": "200",
                "path": "/",
                "port": "traffic-port",
                "protocol": "HTTP",
                "timeout": 5,
                "unhealthy_threshold": 6
              }
            ],
            "id": "arn:aws:elasticloadbalancing:ap-southeast-1:596757758746:targetgroup/tf-20251209080746024400000009/1e254b6051ca2756",
            "ip_address_type": "ipv4",
            "lambda_multi_value_headers_enabled": false,
            "load_balancer_arns": [],
            "load_balancing_algorithm_type": "round_robin",
            "load_balancing_anomaly_mitigation": "off",
            "load_balancing_cross_zone_enabled": "use_load_balancer_configuration",
            "name": "tf-20251209080746024400000009",
            "name_prefix": "tf-",
            "port": 80,
            "preserve_client_ip": null,
            "protocol": "HTTP",
            "protocol_version": "HTTP1",
            "proxy_protocol_v2": false,
            "region": "ap-southeast-1",
            "slow_start": 0,
            "stickiness": [
              {
                "cookie_duration": 86400,
                "cookie_name": "",
                "enabled": false,
                "type": "lb_cookie"
              }
            ],
            "tags": null,
            "tags_all": {},
            "target_control_port": 0,
            "target_failover": [
              {
                "on_deregistration": null,
                "on_unhealthy": null
              }
            ],
            "target_group_health": [
              {
                "dns_failover": [
                  {
                    "minimum_healthy_targets_count": "1",
                    "minimum_healthy_targets_percentage": "off"
                  }
                ],
                "unhealthy_state_routing": [
                  {
                    "minimum_healthy_targets_count": 1,
                    "minimum_healthy_targets_percentage": "off"
                  }
                ]
              }
            ],
            "target_health_state": [
              {
                "enable_unhealthy_connection_termination": null,
                "unhealthy_draining_interval": null
              }
            ],
            "target_type": "instance",
            "vpc_id": "vpc-07283535c32223c98"
          },
          "sensitive_attributes": [],
          "identity_schema_version": 0,
          "identity": {
            "arn": "arn:aws:elasticloadbalancing:ap-southeast-1:596757758746:targetgroup/tf-20251209080746024400000009/1e254b6051ca2756"
          },
          "private": "bnVsbA==",
          "dependencies": [
            "aws_key_pair.duongcon-keypair",
            "module.network.module.vpc.aws_cloudwatch_log_group.flow_log",
            "module.network.module.vpc.aws_customer_gateway.this",
            "module.network.module.vpc.aws_db_subnet_group.database",
            "module.network.module.vpc.aws_default_network_acl.this",
            "module.network.module.vpc.aws_default_route_table.default",
            "module.network.module.vpc.aws_default_security_group.this",
            "module.network.module.vpc.aws_default_vpc.this",
            "module.network.module.vpc.aws_egress_only_internet_gateway.this",
            "module.network.module.vpc.aws_eip.nat",
            "module.network.module.vpc.aws_elasticache_subnet_group.elasticache",
            "module.network.module.vpc.aws_flow_log.this",
            "module.network.module.vpc.aws_iam_policy.vpc_flow_log_cloudwatch",
            "module.network.module.vpc.aws_iam_role.vpc_flow_log_cloudwatch",
            "module.network.module.vpc.aws_iam_role_policy_attachment.vpc_flow_log_cloudwatch",
            "module.network.module.vpc.aws_internet_gateway.this",
            "module.network.module.vpc.aws_nat_gateway.this",
            "module.network.module.vpc.aws_network_acl.database",
            "module.network.module.vpc.aws_network_acl.elasticache",
            "module.network.module.vpc.aws_network_acl.intra",
            "module.network.module.vpc.aws_network_acl.outpost",
            "module.network.module.vpc.aws_network_acl.private",
            "module.network.module.vpc.aws_network_acl.public",
            "module.network.module.vpc.aws_network_acl.redshift",
            "module.network.module.vpc.aws_network_acl_rule.database_inbound",
            "module.network.module.vpc.aws_network_acl_rule.database_outbound",
            "module.network.module.vpc.aws_network_acl_rule.elasticache_inbound",
            "module.network.module.vpc.aws_network_acl_rule.elasticache_outbound",
            "module.network.module.vpc.aws_network_acl_rule.intra_inbound",
            "module.network.module.vpc.aws_network_acl_rule.intra_outbound",
            "module.network.module.vpc.aws_network_acl_rule.outpost_inbound",
            "module.network.module.vpc.aws_network_acl_rule.outpost_outbound",
            "module.network.module.vpc.aws_network_acl_rule.private_inbound",
            "module.network.module.vpc.aws_network_acl_rule.private_outbound",
            "module.network.module.vpc.aws_network_acl_rule.public_inbound",
            "module.network.module.vpc.aws_network_acl_rule.public_outbound",
            "module.network.module.vpc.aws_network_acl_rule.redshift_inbound",
            "module.network.module.vpc.aws_network_acl_rule.redshift_outbound",
            "module.network.module.vpc.aws_redshift_subnet_group.redshift",
            "module.network.module.vpc.aws_route.database_dns64_nat_gateway",
            "module.network.module.vpc.aws_route.database_internet_gateway",
            "module.network.module.vpc.aws_route.database_ipv6_egress",
            "module.network.module.vpc.aws_route.database_nat_gateway",
            "module.network.module.vpc.aws_route.private_dns64_nat_gateway",
            "module.network.module.vpc.aws_route.private_ipv6_egress",
            "module.network.module.vpc.aws_route.private_nat_gateway",
            "module.network.module.vpc.aws_route.public_internet_gateway",
            "module.network.module.vpc.aws_route.public_internet_gateway_ipv6",
            "module.network.module.vpc.aws_route_table.database",
            "module.network.module.vpc.aws_route_table.elasticache",
            "module.network.module.vpc.aws_route_table.intra",
            "module.network.module.vpc.aws_route_table.private",
            "module.network.module.vpc.aws_route_table.public",
            "module.network.module.vpc.aws_route_table.redshift",
            "module.network.module.vpc.aws_route_table_association.database",
            "module.network.module.vpc.aws_route_table_association.elasticache",
            "module.network.module.vpc.aws_route_table_association.intra",
            "module.network.module.vpc.aws_route_table_association.outpost",
            "module.network.module.vpc.aws_route_table_association.private",
            "module.network.module.vpc.aws_route_table_association.public",
            "module.network.module.vpc.aws_route_table_association.redshift",
            "module.network.module.vpc.aws_route_table_association.redshift_public",
            "module.network.module.vpc.aws_subnet.database",
            "module.network.module.vpc.aws_subnet.elasticache",
            "module.network.module.vpc.aws_subnet.intra",
            "module.network.module.vpc.aws_subnet.outpost",
            "module.network.module.vpc.aws_subnet.private",
            "module.network.module.vpc.aws_subnet.public",
            "module.network.module.vpc.aws_subnet.redshift",
            "module.network.module.vpc.aws_vpc.this",
            "module.network.module.vpc.aws_vpc_dhcp_options.this",
            "module.network.module.vpc.aws_vpc_dhcp_options_association.this",
            "module.network.module.vpc.aws_vpc_ipv4_cidr_block_association.this",
            "module.network.module.vpc.aws_vpn_gateway.this",
            "module.network.module.vpc.aws_vpn_gateway_attachment.this",
            "module.network.module.vpc.aws_vpn_gateway_route_propagation.intra",
            "module.network.module.vpc.aws_vpn_gateway_route_propagation.private",
            "module.network.module.vpc.aws_vpn_gateway_route_propagation.public",
            "module.network.module.vpc.data.aws_iam_policy_document.flow_log_cloudwatch_assume_role",
            "module.network.module.vpc.data.aws_iam_policy_document.vpc_flow_log_cloudwatch",
            "module.security.aws_security_group.alb",
            "module.security.aws_security_group.application",
            "module.security.aws_security_group.bastion",
            "module.security.aws_security_group.mongodb",
            "module.storage.aws_instance.mongo"
          ]
        }
      ]
    },
    {
      "module": "module.application",
      "mode": "managed",
      "type": "aws_autoscaling_group",
      "name": "asg",
      "provider": "provider[\"registry.terraform.io/hashicorp/aws\"]",
      "instances": [
        {
          "schema_version": 1,
          "attributes": {
            "arn": "arn:aws:autoscaling:ap-southeast-1:596757758746:autoScalingGroup:9c370d28-82bf-4d9b-8051-1e70f0c4ce41:autoScalingGroupName/terraform-2025120908110539430000000b",
            "availability_zone_distribution": [
              {
                "capacity_distribution_strategy": "balanced-best-effort"
              }
            ],
            "availability_zones": [
              "ap-southeast-1a",
              "ap-southeast-1b"
            ],
            "capacity_rebalance": false,
            "capacity_reservation_specification": [
              {
                "capacity_reservation_preference": "default",
                "capacity_reservation_target": []
              }
            ],
            "context": "",
            "default_cooldown": 300,
            "default_instance_warmup": 0,
            "desired_capacity": 2,
            "desired_capacity_type": "",
            "enabled_metrics": null,
            "force_delete": false,
            "force_delete_warm_pool": false,
            "health_check_grace_period": 300,
            "health_check_type": "EC2",
            "id": "terraform-2025120908110539430000000b",
            "ignore_failed_scaling_activities": false,
            "initial_lifecycle_hook": [],
            "instance_maintenance_policy": [],
            "instance_refresh": [],
            "launch_configuration": "",
            "launch_template": [
              {
                "id": "lt-0667cba1e741de57d",
                "name": "application",
                "version": "$Latest"
              }
            ],
            "load_balancers": [],
            "max_instance_lifetime": 0,
            "max_size": 2,
            "metrics_granularity": "1Minute",
            "min_elb_capacity": null,
            "min_size": 2,
            "mixed_instances_policy": [],
            "name": "terraform-2025120908110539430000000b",
            "name_prefix": "terraform-",
            "placement_group": "",
            "predicted_capacity": 0,
            "protect_from_scale_in": false,
            "region": "ap-southeast-1",
            "service_linked_role_arn": "arn:aws:iam::596757758746:role/aws-service-role/autoscaling.amazonaws.com/AWSServiceRoleForAutoScaling",
            "suspended_processes": null,
            "tag": [],
            "target_group_arns": [
              "arn:aws:elasticloadbalancing:ap-southeast-1:596757758746:targetgroup/tf-20251209080746023900000008/e6a150d1ff77017e",
              "arn:aws:elasticloadbalancing:ap-southeast-1:596757758746:targetgroup/tf-20251209080746024400000009/1e254b6051ca2756"
            ],
            "termination_policies": null,
            "timeouts": null,
            "traffic_source": [
              {
                "identifier": "arn:aws:elasticloadbalancing:ap-southeast-1:596757758746:targetgroup/tf-20251209080746023900000008/e6a150d1ff77017e",
                "type": "elbv2"
              },
              {
                "identifier": "arn:aws:elasticloadbalancing:ap-southeast-1:596757758746:targetgroup/tf-20251209080746024400000009/1e254b6051ca2756",
                "type": "elbv2"
              }
            ],
            "vpc_zone_identifier": [
              "subnet-0334f6ecf5bd701a0",
              "subnet-0a2d03fa43f024649"
            ],
            "wait_for_capacity_timeout": "10m",
            "wait_for_elb_capacity": null,
            "warm_pool": [],
            "warm_pool_size": 0
          },
          "sensitive_attributes": [],
          "identity_schema_version": 0,
          "private": "eyJlMmJmYjczMC1lY2FhLTExZTYtOGY4OC0zNDM2M2JjN2M0YzAiOnsiZGVsZXRlIjo2MDAwMDAwMDAwMDAsInVwZGF0ZSI6NjAwMDAwMDAwMDAwfSwic2NoZW1hX3ZlcnNpb24iOiIxIn0=",
          "dependencies": [
            "aws_key_pair.duongcon-keypair",
            "module.application.aws_alb_target_group.api",
            "module.application.aws_alb_target_group.webserver",
            "module.application.aws_launch_template.apptemplate",
            "module.application.aws_lb.alb1",
            "module.application.data.template_cloudinit_config.config",
            "module.network.module.vpc.aws_cloudwatch_log_group.flow_log",
            "module.network.module.vpc.aws_customer_gateway.this",
            "module.network.module.vpc.aws_db_subnet_group.database",
            "module.network.module.vpc.aws_default_network_acl.this",
            "module.network.module.vpc.aws_default_route_table.default",
            "module.network.module.vpc.aws_default_security_group.this",
            "module.network.module.vpc.aws_default_vpc.this",
            "module.network.module.vpc.aws_egress_only_internet_gateway.this",
            "module.network.module.vpc.aws_eip.nat",
            "module.network.module.vpc.aws_elasticache_subnet_group.elasticache",
            "module.network.module.vpc.aws_flow_log.this",
            "module.network.module.vpc.aws_iam_policy.vpc_flow_log_cloudwatch",
            "module.network.module.vpc.aws_iam_role.vpc_flow_log_cloudwatch",
            "module.network.module.vpc.aws_iam_role_policy_attachment.vpc_flow_log_cloudwatch",
            "module.network.module.vpc.aws_internet_gateway.this",
            "module.network.module.vpc.aws_nat_gateway.this",
            "module.network.module.vpc.aws_network_acl.database",
            "module.network.module.vpc.aws_network_acl.elasticache",
            "module.network.module.vpc.aws_network_acl.intra",
            "module.network.module.vpc.aws_network_acl.outpost",
            "module.network.module.vpc.aws_network_acl.private",
            "module.network.module.vpc.aws_network_acl.public",
            "module.network.module.vpc.aws_network_acl.redshift",
            "module.network.module.vpc.aws_network_acl_rule.database_inbound",
            "module.network.module.vpc.aws_network_acl_rule.database_outbound",
            "module.network.module.vpc.aws_network_acl_rule.elasticache_inbound",
            "module.network.module.vpc.aws_network_acl_rule.elasticache_outbound",
            "module.network.module.vpc.aws_network_acl_rule.intra_inbound",
            "module.network.module.vpc.aws_network_acl_rule.intra_outbound",
            "module.network.module.vpc.aws_network_acl_rule.outpost_inbound",
            "module.network.module.vpc.aws_network_acl_rule.outpost_outbound",
            "module.network.module.vpc.aws_network_acl_rule.private_inbound",
            "module.network.module.vpc.aws_network_acl_rule.private_outbound",
            "module.network.module.vpc.aws_network_acl_rule.public_inbound",
            "module.network.module.vpc.aws_network_acl_rule.public_outbound",
            "module.network.module.vpc.aws_network_acl_rule.redshift_inbound",
            "module.network.module.vpc.aws_network_acl_rule.redshift_outbound",
            "module.network.module.vpc.aws_redshift_subnet_group.redshift",
            "module.network.module.vpc.aws_route.database_dns64_nat_gateway",
            "module.network.module.vpc.aws_route.database_internet_gateway",
            "module.network.module.vpc.aws_route.database_ipv6_egress",
            "module.network.module.vpc.aws_route.database_nat_gateway",
            "module.network.module.vpc.aws_route.private_dns64_nat_gateway",
            "module.network.module.vpc.aws_route.private_ipv6_egress",
            "module.network.module.vpc.aws_route.private_nat_gateway",
            "module.network.module.vpc.aws_route.public_internet_gateway",
            "module.network.module.vpc.aws_route.public_internet_gateway_ipv6",
            "module.network.module.vpc.aws_route_table.database",
            "module.network.module.vpc.aws_route_table.elasticache",
            "module.network.module.vpc.aws_route_table.intra",
            "module.network.module.vpc.aws_route_table.private",
            "module.network.module.vpc.aws_route_table.public",
            "module.network.module.vpc.aws_route_table.redshift",
            "module.network.module.vpc.aws_route_table_association.database",
            "module.network.module.vpc.aws_route_table_association.elasticache",
            "module.network.module.vpc.aws_route_table_association.intra",
            "module.network.module.vpc.aws_route_table_association.outpost",
            "module.network.module.vpc.aws_route_table_association.private",
            "module.network.module.vpc.aws_route_table_association.public",
            "module.network.module.vpc.aws_route_table_association.redshift",
            "module.network.module.vpc.aws_route_table_association.redshift_public",
            "module.network.module.vpc.aws_subnet.database",
            "module.network.module.vpc.aws_subnet.elasticache",
            "module.network.module.vpc.aws_subnet.intra",
            "module.network.module.vpc.aws_subnet.outpost",
            "module.network.module.vpc.aws_subnet.private",
            "module.network.module.vpc.aws_subnet.public",
            "module.network.module.vpc.aws_subnet.redshift",
            "module.network.module.vpc.aws_vpc.this",
            "module.network.module.vpc.aws_vpc_dhcp_options.this",
            "module.network.module.vpc.aws_vpc_dhcp_options_association.this",
            "module.network.module.vpc.aws_vpc_ipv4_cidr_block_association.this",
            "module.network.module.vpc.aws_vpn_gateway.this",
            "module.network.module.vpc.aws_vpn_gateway_attachment.this",
            "module.network.module.vpc.aws_vpn_gateway_route_propagation.intra",
            "module.network.module.vpc.aws_vpn_gateway_route_propagation.private",
            "module.network.module.vpc.aws_vpn_gateway_route_propagation.public",
            "module.network.module.vpc.data.aws_iam_policy_document.flow_log_cloudwatch_assume_role",
            "module.network.module.vpc.data.aws_iam_policy_document.vpc_flow_log_cloudwatch",
            "module.security.aws_security_group.alb",
            "module.security.aws_security_group.application",
            "module.security.aws_security_group.bastion",
            "module.security.aws_security_group.mongodb",
            "module.storage.aws_instance.mongo"
          ]
        }
      ]
    },
    {
      "module": "module.application",
      "mode": "managed",
      "type": "aws_launch_template",
      "name": "apptemplate",
      "provider": "provider[\"registry.terraform.io/hashicorp/aws\"]",
      "instances": [
        {
          "schema_version": 1,
          "attributes": {
            "arn": "arn:aws:ec2:ap-southeast-1:596757758746:launch-template/lt-0667cba1e741de57d",
            "block_device_mappings": [],
            "capacity_reservation_specification": [],
            "cpu_options": [],
            "credit_specification": [],
            "default_version": 1,
            "description": "",
            "disable_api_stop": false,
            "disable_api_termination": false,
            "ebs_optimized": "",
            "enclave_options": [],
            "hibernation_options": [],
            "iam_instance_profile": [],
            "id": "lt-0667cba1e741de57d",
            "image_id": "ami-0fea1654c99ae8095",
            "instance_initiated_shutdown_behavior": "",
            "instance_market_options": [],
            "instance_requirements": [],
            "instance_type": "t3.micro",
            "kernel_id": "",
            "key_name": "duongcon-keypair",
            "latest_version": 1,
            "license_specification": [],
            "maintenance_options": [],
            "metadata_options": [],
            "monitoring": [],
            "name": "application",
            "name_prefix": "",
            "network_interfaces": [],
            "placement": [],
            "private_dns_name_options": [],
            "ram_disk_id": "",
            "region": "ap-southeast-1",
            "security_group_names": null,
            "tag_specifications": [
              {
                "resource_type": "instance",
                "tags": {
                  "Name": "FrontendApp",
                  "Owner": "DuongCon"
                }
              }
            ],
            "tags": null,
            "tags_all": {},
            "update_default_version": null,
            "user_data": "Q29udGVudC1UeXBlOiBtdWx0aXBhcnQvbWl4ZWQ7IGJvdW5kYXJ5PSJNSU1FQk9VTkRBUlkiCk1JTUUtVmVyc2lvbjogMS4wDQoNCi0tTUlNRUJPVU5EQVJZDQpDb250ZW50LVRyYW5zZmVyLUVuY29kaW5nOiA3Yml0DQpDb250ZW50LVR5cGU6IHRleHQveC1zaGVsbHNjcmlwdA0KTWltZS1WZXJzaW9uOiAxLjANCg0KICAgICMhIC9iaW4vYmFzaA0KYXB0LWdldCAteSB1cGRhdGUNCmFwdC1nZXQgLXkgaW5zdGFsbCBuZ2lueA0KYXB0LWdldCAteSBpbnN0YWxsIGpxDQoNCkFMQl9ETlM9YWxiMS03OTAyNDg3OTAuYXAtc291dGhlYXN0LTEuZWxiLmFtYXpvbmF3cy5jb20NCk1PTkdPREJfUFJJVkFURUlQPTEwLjEwLjEwMS4yMDcNCg0KbWtkaXIgLXAgL3RtcC9jbG91ZGFjYWRlbXktYXBwDQpjZCAvdG1wL2Nsb3VkYWNhZGVteS1hcHANCg0KZWNobyA9PT09PT09PT09PT09PT09PT09PT09PT09PT0NCmVjaG8gRlJPTlRFTkQgLSBkb3dubG9hZCBsYXRlc3QgcmVsZWFzZSBhbmQgaW5zdGFsbC4uLg0KbWtkaXIgLXAgLi92b3RlYXBwLWZyb250ZW5kLXJlYWN0LTIwMjMNCnB1c2hkIC4vdm90ZWFwcC1mcm9udGVuZC1yZWFjdC0yMDIzDQpjdXJsIC1zTCBodHRwczovL2FwaS5naXRodWIuY29tL3JlcG9zL2Nsb3VkYWNhZGVteS92b3RlYXBwLWZyb250ZW5kLXJlYWN0LTIwMjMvcmVsZWFzZXMvbGF0ZXN0IHwganEgLXIgJy5hc3NldHNbMF0uYnJvd3Nlcl9kb3dubG9hZF91cmwnIHwgeGFyZ3MgY3VybCAtT0wNCklOU1RBTExfRklMRU5BTUU9JChjdXJsIC1zTCBodHRwczovL2FwaS5naXRodWIuY29tL3JlcG9zL2Nsb3VkYWNhZGVteS92b3RlYXBwLWZyb250ZW5kLXJlYWN0LTIwMjMvcmVsZWFzZXMvbGF0ZXN0IHwganEgLXIgJy5hc3NldHNbMF0ubmFtZScpDQp0YXIgLXh2emYgJElOU1RBTExfRklMRU5BTUUNCnJtIC1yZiAvdmFyL3d3dy9odG1sDQpjcCAtUiBidWlsZCAvdmFyL3d3dy9odG1sDQpjYXQgPiAvdmFyL3d3dy9odG1sL2Vudi1jb25maWcuanMgPDwgRU9GRg0Kd2luZG93Ll9lbnZfID0ge1JFQUNUX0FQUF9BUElIT1NUUE9SVDogIiRBTEJfRE5TIn0NCkVPRkYNCnBvcGQNCg0KZWNobyA9PT09PT09PT09PT09PT09PT09PT09PT09PT0NCmVjaG8gQVBJIC0gZG93bmxvYWQgbGF0ZXN0IHJlbGVhc2UsIGluc3RhbGwsIGFuZCBzdGFydC4uLg0KbWtkaXIgLXAgLi92b3RlYXBwLWFwaS1nbw0KcHVzaGQgLi92b3RlYXBwLWFwaS1nbw0KY3VybCAtc0wgaHR0cHM6Ly9hcGkuZ2l0aHViLmNvbS9yZXBvcy9jbG91ZGFjYWRlbXkvdm90ZWFwcC1hcGktZ28vcmVsZWFzZXMvbGF0ZXN0IHwganEgLXIgJy5hc3NldHNbXSB8IHNlbGVjdCgubmFtZSB8IGNvbnRhaW5zKCJsaW51eC1hbWQ2NCIpKSB8IC5icm93c2VyX2Rvd25sb2FkX3VybCcgfCB4YXJncyBjdXJsIC1PTA0KSU5TVEFMTF9GSUxFTkFNRT0kKGN1cmwgLXNMIGh0dHBzOi8vYXBpLmdpdGh1Yi5jb20vcmVwb3MvY2xvdWRhY2FkZW15L3ZvdGVhcHAtYXBpLWdvL3JlbGVhc2VzL2xhdGVzdCB8IGpxIC1yICcuYXNzZXRzW10gfCBzZWxlY3QoLm5hbWUgfCBjb250YWlucygibGludXgtYW1kNjQiKSkgfCAubmFtZScpDQp0YXIgLXh2emYgJElOU1RBTExfRklMRU5BTUUNCiNzdGFydCB0aGUgQVBJIHVwLi4uDQpNT05HT19DT05OX1NUUj1tb25nb2RiOi8vJE1PTkdPREJfUFJJVkFURUlQOjI3MDE3L2xhbmdkYiAuL2FwaSAmDQpwb3BkDQoNCnN5c3RlbWN0bCByZXN0YXJ0IG5naW54DQpzeXN0ZW1jdGwgc3RhdHVzIG5naW54DQplY2hvIGZpbiB2MS4wMCENCg0KDQotLU1JTUVCT1VOREFSWS0tDQo=",
            "vpc_security_group_ids": [
              "sg-09b187212d1ae3a01"
            ]
          },
          "sensitive_attributes": [],
          "identity_schema_version": 0,
          "private": "eyJzY2hlbWFfdmVyc2lvbiI6IjEifQ==",
          "dependencies": [
            "aws_key_pair.duongcon-keypair",
            "module.application.aws_lb.alb1",
            "module.application.data.template_cloudinit_config.config",
            "module.network.module.vpc.aws_cloudwatch_log_group.flow_log",
            "module.network.module.vpc.aws_customer_gateway.this",
            "module.network.module.vpc.aws_db_subnet_group.database",
            "module.network.module.vpc.aws_default_network_acl.this",
            "module.network.module.vpc.aws_default_route_table.default",
            "module.network.module.vpc.aws_default_security_group.this",
            "module.network.module.vpc.aws_default_vpc.this",
            "module.network.module.vpc.aws_egress_only_internet_gateway.this",
            "module.network.module.vpc.aws_eip.nat",
            "module.network.module.vpc.aws_elasticache_subnet_group.elasticache",
            "module.network.module.vpc.aws_flow_log.this",
            "module.network.module.vpc.aws_iam_policy.vpc_flow_log_cloudwatch",
            "module.network.module.vpc.aws_iam_role.vpc_flow_log_cloudwatch",
            "module.network.module.vpc.aws_iam_role_policy_attachment.vpc_flow_log_cloudwatch",
            "module.network.module.vpc.aws_internet_gateway.this",
            "module.network.module.vpc.aws_nat_gateway.this",
            "module.network.module.vpc.aws_network_acl.database",
            "module.network.module.vpc.aws_network_acl.elasticache",
            "module.network.module.vpc.aws_network_acl.intra",
            "module.network.module.vpc.aws_network_acl.outpost",
            "module.network.module.vpc.aws_network_acl.private",
            "module.network.module.vpc.aws_network_acl.public",
            "module.network.module.vpc.aws_network_acl.redshift",
            "module.network.module.vpc.aws_network_acl_rule.database_inbound",
            "module.network.module.vpc.aws_network_acl_rule.database_outbound",
            "module.network.module.vpc.aws_network_acl_rule.elasticache_inbound",
            "module.network.module.vpc.aws_network_acl_rule.elasticache_outbound",
            "module.network.module.vpc.aws_network_acl_rule.intra_inbound",
            "module.network.module.vpc.aws_network_acl_rule.intra_outbound",
            "module.network.module.vpc.aws_network_acl_rule.outpost_inbound",
            "module.network.module.vpc.aws_network_acl_rule.outpost_outbound",
            "module.network.module.vpc.aws_network_acl_rule.private_inbound",
            "module.network.module.vpc.aws_network_acl_rule.private_outbound",
            "module.network.module.vpc.aws_network_acl_rule.public_inbound",
            "module.network.module.vpc.aws_network_acl_rule.public_outbound",
            "module.network.module.vpc.aws_network_acl_rule.redshift_inbound",
            "module.network.module.vpc.aws_network_acl_rule.redshift_outbound",
            "module.network.module.vpc.aws_redshift_subnet_group.redshift",
            "module.network.module.vpc.aws_route.database_dns64_nat_gateway",
            "module.network.module.vpc.aws_route.database_internet_gateway",
            "module.network.module.vpc.aws_route.database_ipv6_egress",
            "module.network.module.vpc.aws_route.database_nat_gateway",
            "module.network.module.vpc.aws_route.private_dns64_nat_gateway",
            "module.network.module.vpc.aws_route.private_ipv6_egress",
            "module.network.module.vpc.aws_route.private_nat_gateway",
            "module.network.module.vpc.aws_route.public_internet_gateway",
            "module.network.module.vpc.aws_route.public_internet_gateway_ipv6",
            "module.network.module.vpc.aws_route_table.database",
            "module.network.module.vpc.aws_route_table.elasticache",
            "module.network.module.vpc.aws_route_table.intra",
            "module.network.module.vpc.aws_route_table.private",
            "module.network.module.vpc.aws_route_table.public",
            "module.network.module.vpc.aws_route_table.redshift",
            "module.network.module.vpc.aws_route_table_association.database",
            "module.network.module.vpc.aws_route_table_association.elasticache",
            "module.network.module.vpc.aws_route_table_association.intra",
            "module.network.module.vpc.aws_route_table_association.outpost",
            "module.network.module.vpc.aws_route_table_association.private",
            "module.network.module.vpc.aws_route_table_association.public",
            "module.network.module.vpc.aws_route_table_association.redshift",
            "module.network.module.vpc.aws_route_table_association.redshift_public",
            "module.network.module.vpc.aws_subnet.database",
            "module.network.module.vpc.aws_subnet.elasticache",
            "module.network.module.vpc.aws_subnet.intra",
            "module.network.module.vpc.aws_subnet.outpost",
            "module.network.module.vpc.aws_subnet.private",
            "module.network.module.vpc.aws_subnet.public",
            "module.network.module.vpc.aws_subnet.redshift",
            "module.network.module.vpc.aws_vpc.this",
            "module.network.module.vpc.aws_vpc_dhcp_options.this",
            "module.network.module.vpc.aws_vpc_dhcp_options_association.this",
            "module.network.module.vpc.aws_vpc_ipv4_cidr_block_association.this",
            "module.network.module.vpc.aws_vpn_gateway.this",
            "module.network.module.vpc.aws_vpn_gateway_attachment.this",
            "module.network.module.vpc.aws_vpn_gateway_route_propagation.intra",
            "module.network.module.vpc.aws_vpn_gateway_route_propagation.private",
            "module.network.module.vpc.aws_vpn_gateway_route_propagation.public",
            "module.network.module.vpc.data.aws_iam_policy_document.flow_log_cloudwatch_assume_role",
            "module.network.module.vpc.data.aws_iam_policy_document.vpc_flow_log_cloudwatch",
            "module.security.aws_security_group.alb",
            "module.security.aws_security_group.application",
            "module.security.aws_security_group.bastion",
            "module.security.aws_security_group.mongodb",
            "module.storage.aws_instance.mongo"
          ]
        }
      ]
    },
    {
      "module": "module.application",
      "mode": "managed",
      "type": "aws_lb",
      "name": "alb1",
      "provider": "provider[\"registry.terraform.io/hashicorp/aws\"]",
      "instances": [
        {
          "schema_version": 0,
          "attributes": {
            "access_logs": [
              {
                "bucket": "",
                "enabled": false,
                "prefix": ""
              }
            ],
            "arn": "arn:aws:elasticloadbalancing:ap-southeast-1:596757758746:loadbalancer/app/alb1/443852eeb60902d4",
            "arn_suffix": "app/alb1/443852eeb60902d4",
            "client_keep_alive": 3600,
            "connection_logs": [
              {
                "bucket": "",
                "enabled": false,
                "prefix": ""
              }
            ],
            "customer_owned_ipv4_pool": "",
            "desync_mitigation_mode": "defensive",
            "dns_name": "alb1-790248790.ap-southeast-1.elb.amazonaws.com",
            "dns_record_client_routing_policy": null,
            "drop_invalid_header_fields": true,
            "enable_cross_zone_load_balancing": true,
            "enable_deletion_protection": false,
            "enable_http2": true,
            "enable_tls_version_and_cipher_suite_headers": false,
            "enable_waf_fail_open": false,
            "enable_xff_client_port": false,
            "enable_zonal_shift": false,
            "enforce_security_group_inbound_rules_on_private_link_traffic": "",
            "health_check_logs": [
              {
                "bucket": "",
                "enabled": false,
                "prefix": ""
              }
            ],
            "id": "arn:aws:elasticloadbalancing:ap-southeast-1:596757758746:loadbalancer/app/alb1/443852eeb60902d4",
            "idle_timeout": 60,
            "internal": false,
            "ip_address_type": "ipv4",
            "ipam_pools": [],
            "load_balancer_type": "application",
            "minimum_load_balancer_capacity": [],
            "name": "alb1",
            "name_prefix": "",
            "preserve_host_header": false,
            "region": "ap-southeast-1",
            "secondary_ips_auto_assigned_per_subnet": null,
            "security_groups": [
              "sg-006509e047f9b741e"
            ],
            "subnet_mapping": [
              {
                "allocation_id": "",
                "ipv6_address": "",
                "outpost_id": "",
                "private_ipv4_address": "",
                "subnet_id": "subnet-000a5010ae8b2591c"
              },
              {
                "allocation_id": "",
                "ipv6_address": "",
                "outpost_id": "",
                "private_ipv4_address": "",
                "subnet_id": "subnet-05ad830d78e707b32"
              }
            ],
            "subnets": [
              "subnet-000a5010ae8b2591c",
              "subnet-05ad830d78e707b32"
            ],
            "tags": {
              "Environment": "Prod"
            },
            "tags_all": {
              "Environment": "Prod"
            },
            "timeouts": null,
            "vpc_id": "vpc-07283535c32223c98",
            "xff_header_processing_mode": "append",
            "zone_id": "Z1LMS91P8CMLE5"
          },
          "sensitive_attributes": [],
          "identity_schema_version": 0,
          "identity": {
            "arn": "arn:aws:elasticloadbalancing:ap-southeast-1:596757758746:loadbalancer/app/alb1/443852eeb60902d4"
          },
          "private": "eyJlMmJmYjczMC1lY2FhLTExZTYtOGY4OC0zNDM2M2JjN2M0YzAiOnsiY3JlYXRlIjo2MDAwMDAwMDAwMDAsImRlbGV0ZSI6NjAwMDAwMDAwMDAwLCJ1cGRhdGUiOjYwMDAwMDAwMDAwMH19",
          "dependencies": [
            "aws_key_pair.duongcon-keypair",
            "module.network.module.vpc.aws_cloudwatch_log_group.flow_log",
            "module.network.module.vpc.aws_customer_gateway.this",
            "module.network.module.vpc.aws_db_subnet_group.database",
            "module.network.module.vpc.aws_default_network_acl.this",
            "module.network.module.vpc.aws_default_route_table.default",
            "module.network.module.vpc.aws_default_security_group.this",
            "module.network.module.vpc.aws_default_vpc.this",
            "module.network.module.vpc.aws_egress_only_internet_gateway.this",
            "module.network.module.vpc.aws_eip.nat",
            "module.network.module.vpc.aws_elasticache_subnet_group.elasticache",
            "module.network.module.vpc.aws_flow_log.this",
            "module.network.module.vpc.aws_iam_policy.vpc_flow_log_cloudwatch",
            "module.network.module.vpc.aws_iam_role.vpc_flow_log_cloudwatch",
            "module.network.module.vpc.aws_iam_role_policy_attachment.vpc_flow_log_cloudwatch",
            "module.network.module.vpc.aws_internet_gateway.this",
            "module.network.module.vpc.aws_nat_gateway.this",
            "module.network.module.vpc.aws_network_acl.database",
            "module.network.module.vpc.aws_network_acl.elasticache",
            "module.network.module.vpc.aws_network_acl.intra",
            "module.network.module.vpc.aws_network_acl.outpost",
            "module.network.module.vpc.aws_network_acl.private",
            "module.network.module.vpc.aws_network_acl.public",
            "module.network.module.vpc.aws_network_acl.redshift",
            "module.network.module.vpc.aws_network_acl_rule.database_inbound",
            "module.network.module.vpc.aws_network_acl_rule.database_outbound",
            "module.network.module.vpc.aws_network_acl_rule.elasticache_inbound",
            "module.network.module.vpc.aws_network_acl_rule.elasticache_outbound",
            "module.network.module.vpc.aws_network_acl_rule.intra_inbound",
            "module.network.module.vpc.aws_network_acl_rule.intra_outbound",
            "module.network.module.vpc.aws_network_acl_rule.outpost_inbound",
            "module.network.module.vpc.aws_network_acl_rule.outpost_outbound",
            "module.network.module.vpc.aws_network_acl_rule.private_inbound",
            "module.network.module.vpc.aws_network_acl_rule.private_outbound",
            "module.network.module.vpc.aws_network_acl_rule.public_inbound",
            "module.network.module.vpc.aws_network_acl_rule.public_outbound",
            "module.network.module.vpc.aws_network_acl_rule.redshift_inbound",
            "module.network.module.vpc.aws_network_acl_rule.redshift_outbound",
            "module.network.module.vpc.aws_redshift_subnet_group.redshift",
            "module.network.module.vpc.aws_route.database_dns64_nat_gateway",
            "module.network.module.vpc.aws_route.database_internet_gateway",
            "module.network.module.vpc.aws_route.database_ipv6_egress",
            "module.network.module.vpc.aws_route.database_nat_gateway",
            "module.network.module.vpc.aws_route.private_dns64_nat_gateway",
            "module.network.module.vpc.aws_route.private_ipv6_egress",
            "module.network.module.vpc.aws_route.private_nat_gateway",
            "module.network.module.vpc.aws_route.public_internet_gateway",
            "module.network.module.vpc.aws_route.public_internet_gateway_ipv6",
            "module.network.module.vpc.aws_route_table.database",
            "module.network.module.vpc.aws_route_table.elasticache",
            "module.network.module.vpc.aws_route_table.intra",
            "module.network.module.vpc.aws_route_table.private",
            "module.network.module.vpc.aws_route_table.public",
            "module.network.module.vpc.aws_route_table.redshift",
            "module.network.module.vpc.aws_route_table_association.database",
            "module.network.module.vpc.aws_route_table_association.elasticache",
            "module.network.module.vpc.aws_route_table_association.intra",
            "module.network.module.vpc.aws_route_table_association.outpost",
            "module.network.module.vpc.aws_route_table_association.private",
            "module.network.module.vpc.aws_route_table_association.public",
            "module.network.module.vpc.aws_route_table_association.redshift",
            "module.network.module.vpc.aws_route_table_association.redshift_public",
            "module.network.module.vpc.aws_subnet.database",
            "module.network.module.vpc.aws_subnet.elasticache",
            "module.network.module.vpc.aws_subnet.intra",
            "module.network.module.vpc.aws_subnet.outpost",
            "module.network.module.vpc.aws_subnet.private",
            "module.network.module.vpc.aws_subnet.public",
            "module.network.module.vpc.aws_subnet.redshift",
            "module.network.module.vpc.aws_vpc.this",
            "module.network.module.vpc.aws_vpc_dhcp_options.this",
            "module.network.module.vpc.aws_vpc_dhcp_options_association.this",
            "module.network.module.vpc.aws_vpc_ipv4_cidr_block_association.this",
            "module.network.module.vpc.aws_vpn_gateway.this",
            "module.network.module.vpc.aws_vpn_gateway_attachment.this",
            "module.network.module.vpc.aws_vpn_gateway_route_propagation.intra",
            "module.network.module.vpc.aws_vpn_gateway_route_propagation.private",
            "module.network.module.vpc.aws_vpn_gateway_route_propagation.public",
            "module.network.module.vpc.data.aws_iam_policy_document.flow_log_cloudwatch_assume_role",
            "module.network.module.vpc.data.aws_iam_policy_document.vpc_flow_log_cloudwatch",
            "module.security.aws_security_group.alb",
            "module.security.aws_security_group.application",
            "module.security.aws_security_group.bastion",
            "module.security.aws_security_group.mongodb",
            "module.storage.aws_instance.mongo"
          ]
        }
      ]
    },
    {
      "module": "module.bastion",
      "mode": "managed",
      "type": "aws_instance",
      "name": "bastion",
      "provider": "provider[\"registry.terraform.io/hashicorp/aws\"]",
      "instances": [
        {
          "schema_version": 2,
          "attributes": {
            "ami": "ami-0fa377108253bf620",
            "arn": "arn:aws:ec2:ap-southeast-1:596757758746:instance/i-082b839a7c2bede6a",
            "associate_public_ip_address": true,
            "availability_zone": "ap-southeast-1a",
            "capacity_reservation_specification": [
              {
                "capacity_reservation_preference": "open",
                "capacity_reservation_target": []
              }
            ],
            "cpu_options": [
              {
                "amd_sev_snp": "",
                "core_count": 1,
                "threads_per_core": 2
              }
            ],
            "credit_specification": [
              {
                "cpu_credits": "unlimited"
              }
            ],
            "disable_api_stop": false,
            "disable_api_termination": false,
            "ebs_block_device": [],
            "ebs_optimized": false,
            "enable_primary_ipv6": null,
            "enclave_options": [
              {
                "enabled": false
              }
            ],
            "ephemeral_block_device": [],
            "force_destroy": false,
            "get_password_data": false,
            "hibernation": false,
            "host_id": "",
            "host_resource_group_arn": null,
            "iam_instance_profile": "",
            "id": "i-082b839a7c2bede6a",
            "instance_initiated_shutdown_behavior": "stop",
            "instance_lifecycle": "",
            "instance_market_options": [],
            "instance_state": "running",
            "instance_type": "t3.micro",
            "ipv6_address_count": 0,
            "ipv6_addresses": [],
            "key_name": "duongcon-keypair",
            "launch_template": [],
            "maintenance_options": [
              {
                "auto_recovery": "default"
              }
            ],
            "metadata_options": [
              {
                "http_endpoint": "enabled",
                "http_protocol_ipv6": "disabled",
                "http_put_response_hop_limit": 1,
                "http_tokens": "optional",
                "instance_metadata_tags": "disabled"
              }
            ],
            "monitoring": false,
            "network_interface": [],
            "outpost_arn": "",
            "password_data": "",
            "placement_group": "",
            "placement_group_id": "",
            "placement_partition_number": 0,
            "primary_network_interface": [
              {
                "delete_on_termination": true,
                "network_interface_id": "eni-05242f97753ce6066"
              }
            ],
            "primary_network_interface_id": "eni-05242f97753ce6066",
            "private_dns": "ip-10-10-1-194.ap-southeast-1.compute.internal",
            "private_dns_name_options": [
              {
                "enable_resource_name_dns_a_record": false,
                "enable_resource_name_dns_aaaa_record": false,
                "hostname_type": "ip-name"
              }
            ],
            "private_ip": "10.10.1.194",
            "public_dns": "ec2-13-212-213-34.ap-southeast-1.compute.amazonaws.com",
            "public_ip": "13.212.213.34",
            "region": "ap-southeast-1",
            "root_block_device": [
              {
                "delete_on_termination": true,
                "device_name": "/dev/sda1",
                "encrypted": true,
                "iops": 100,
                "kms_key_id": "arn:aws:kms:ap-southeast-1:596757758746:key/3a645902-365e-4a58-8df7-f23a219c3d50",
                "tags": null,
                "tags_all": {},
                "throughput": 0,
                "volume_id": "vol-0fe4819f4b48855c3",
                "volume_size": 10,
                "volume_type": "gp2"
              }
            ],
            "secondary_private_ips": [],
            "security_groups": [],
            "source_dest_check": true,
            "spot_instance_request_id": "",
            "subnet_id": "subnet-05ad830d78e707b32",
            "tags": {
              "Name": "Bastion",
              "Owner": "DuongCon"
            },
            "tags_all": {
              "Name": "Bastion",
              "Owner": "DuongCon"
            },
            "tenancy": "default",
            "timeouts": null,
            "user_data": null,
            "user_data_base64": null,
            "user_data_replace_on_change": false,
            "volume_tags": null,
            "vpc_security_group_ids": [
              "sg-00f78ea06a68cb919"
            ]
          },
          "sensitive_attributes": [],
          "identity_schema_version": 0,
          "identity": {
            "account_id": "596757758746",
            "id": "i-082b839a7c2bede6a",
            "region": "ap-southeast-1"
          },
          "private": "eyJlMmJmYjczMC1lY2FhLTExZTYtOGY4OC0zNDM2M2JjN2M0YzAiOnsiY3JlYXRlIjo2MDAwMDAwMDAwMDAsImRlbGV0ZSI6MTIwMDAwMDAwMDAwMCwicmVhZCI6OTAwMDAwMDAwMDAwLCJ1cGRhdGUiOjYwMDAwMDAwMDAwMH0sInNjaGVtYV92ZXJzaW9uIjoiMiJ9",
          "dependencies": [
            "aws_key_pair.duongcon-keypair",
            "module.network.module.vpc.aws_cloudwatch_log_group.flow_log",
            "module.network.module.vpc.aws_customer_gateway.this",
            "module.network.module.vpc.aws_db_subnet_group.database",
            "module.network.module.vpc.aws_default_network_acl.this",
            "module.network.module.vpc.aws_default_route_table.default",
            "module.network.module.vpc.aws_default_security_group.this",
            "module.network.module.vpc.aws_default_vpc.this",
            "module.network.module.vpc.aws_egress_only_internet_gateway.this",
            "module.network.module.vpc.aws_eip.nat",
            "module.network.module.vpc.aws_elasticache_subnet_group.elasticache",
            "module.network.module.vpc.aws_flow_log.this",
            "module.network.module.vpc.aws_iam_policy.vpc_flow_log_cloudwatch",
            "module.network.module.vpc.aws_iam_role.vpc_flow_log_cloudwatch",
            "module.network.module.vpc.aws_iam_role_policy_attachment.vpc_flow_log_cloudwatch",
            "module.network.module.vpc.aws_internet_gateway.this",
            "module.network.module.vpc.aws_nat_gateway.this",
            "module.network.module.vpc.aws_network_acl.database",
            "module.network.module.vpc.aws_network_acl.elasticache",
            "module.network.module.vpc.aws_network_acl.intra",
            "module.network.module.vpc.aws_network_acl.outpost",
            "module.network.module.vpc.aws_network_acl.private",
            "module.network.module.vpc.aws_network_acl.public",
            "module.network.module.vpc.aws_network_acl.redshift",
            "module.network.module.vpc.aws_network_acl_rule.database_inbound",
            "module.network.module.vpc.aws_network_acl_rule.database_outbound",
            "module.network.module.vpc.aws_network_acl_rule.elasticache_inbound",
            "module.network.module.vpc.aws_network_acl_rule.elasticache_outbound",
            "module.network.module.vpc.aws_network_acl_rule.intra_inbound",
            "module.network.module.vpc.aws_network_acl_rule.intra_outbound",
            "module.network.module.vpc.aws_network_acl_rule.outpost_inbound",
            "module.network.module.vpc.aws_network_acl_rule.outpost_outbound",
            "module.network.module.vpc.aws_network_acl_rule.private_inbound",
            "module.network.module.vpc.aws_network_acl_rule.private_outbound",
            "module.network.module.vpc.aws_network_acl_rule.public_inbound",
            "module.network.module.vpc.aws_network_acl_rule.public_outbound",
            "module.network.module.vpc.aws_network_acl_rule.redshift_inbound",
            "module.network.module.vpc.aws_network_acl_rule.redshift_outbound",
            "module.network.module.vpc.aws_redshift_subnet_group.redshift",
            "module.network.module.vpc.aws_route.database_dns64_nat_gateway",
            "module.network.module.vpc.aws_route.database_internet_gateway",
            "module.network.module.vpc.aws_route.database_ipv6_egress",
            "module.network.module.vpc.aws_route.database_nat_gateway",
            "module.network.module.vpc.aws_route.private_dns64_nat_gateway",
            "module.network.module.vpc.aws_route.private_ipv6_egress",
            "module.network.module.vpc.aws_route.private_nat_gateway",
            "module.network.module.vpc.aws_route.public_internet_gateway",
            "module.network.module.vpc.aws_route.public_internet_gateway_ipv6",
            "module.network.module.vpc.aws_route_table.database",
            "module.network.module.vpc.aws_route_table.elasticache",
            "module.network.module.vpc.aws_route_table.intra",
            "module.network.module.vpc.aws_route_table.private",
            "module.network.module.vpc.aws_route_table.public",
            "module.network.module.vpc.aws_route_table.redshift",
            "module.network.module.vpc.aws_route_table_association.database",
            "module.network.module.vpc.aws_route_table_association.elasticache",
            "module.network.module.vpc.aws_route_table_association.intra",
            "module.network.module.vpc.aws_route_table_association.outpost",
            "module.network.module.vpc.aws_route_table_association.private",
            "module.network.module.vpc.aws_route_table_association.public",
            "module.network.module.vpc.aws_route_table_association.redshift",
            "module.network.module.vpc.aws_route_table_association.redshift_public",
            "module.network.module.vpc.aws_subnet.database",
            "module.network.module.vpc.aws_subnet.elasticache",
            "module.network.module.vpc.aws_subnet.intra",
            "module.network.module.vpc.aws_subnet.outpost",
            "module.network.module.vpc.aws_subnet.private",
            "module.network.module.vpc.aws_subnet.public",
            "module.network.module.vpc.aws_subnet.redshift",
            "module.network.module.vpc.aws_vpc.this",
            "module.network.module.vpc.aws_vpc_dhcp_options.this",
            "module.network.module.vpc.aws_vpc_dhcp_options_association.this",
            "module.network.module.vpc.aws_vpc_ipv4_cidr_block_association.this",
            "module.network.module.vpc.aws_vpn_gateway.this",
            "module.network.module.vpc.aws_vpn_gateway_attachment.this",
            "module.network.module.vpc.aws_vpn_gateway_route_propagation.intra",
            "module.network.module.vpc.aws_vpn_gateway_route_propagation.private",
            "module.network.module.vpc.aws_vpn_gateway_route_propagation.public",
            "module.network.module.vpc.data.aws_iam_policy_document.flow_log_cloudwatch_assume_role",
            "module.network.module.vpc.data.aws_iam_policy_document.vpc_flow_log_cloudwatch",
            "module.security.aws_security_group.alb",
            "module.security.aws_security_group.application",
            "module.security.aws_security_group.bastion",
            "module.security.aws_security_group.mongodb"
          ]
        }
      ]
    },
    {
      "module": "module.network.module.vpc",
      "mode": "managed",
      "type": "aws_default_network_acl",
      "name": "this",
      "provider": "provider[\"registry.terraform.io/hashicorp/aws\"]",
      "instances": [
        {
          "index_key": 0,
          "schema_version": 0,
          "attributes": {
            "arn": "arn:aws:ec2:ap-southeast-1:596757758746:network-acl/acl-04cfec28d6f8b89aa",
            "default_network_acl_id": "acl-04cfec28d6f8b89aa",
            "egress": [
              {
                "action": "allow",
                "cidr_block": "",
                "from_port": 0,
                "icmp_code": null,
                "icmp_type": null,
                "ipv6_cidr_block": "::/0",
                "protocol": "-1",
                "rule_no": 101,
                "to_port": 0
              },
              {
                "action": "allow",
                "cidr_block": "0.0.0.0/0",
                "from_port": 0,
                "icmp_code": null,
                "icmp_type": null,
                "ipv6_cidr_block": "",
                "protocol": "-1",
                "rule_no": 100,
                "to_port": 0
              }
            ],
            "id": "acl-04cfec28d6f8b89aa",
            "ingress": [
              {
                "action": "allow",
                "cidr_block": "",
                "from_port": 0,
                "icmp_code": null,
                "icmp_type": null,
                "ipv6_cidr_block": "::/0",
                "protocol": "-1",
                "rule_no": 101,
                "to_port": 0
              },
              {
                "action": "allow",
                "cidr_block": "0.0.0.0/0",
                "from_port": 0,
                "icmp_code": null,
                "icmp_type": null,
                "ipv6_cidr_block": "",
                "protocol": "-1",
                "rule_no": 100,
                "to_port": 0
              }
            ],
            "owner_id": "596757758746",
            "region": "ap-southeast-1",
            "subnet_ids": [
              "subnet-0334f6ecf5bd701a0",
              "subnet-0a2d03fa43f024649"
            ],
            "tags": {
              "Demo": "Terraform",
              "Name": "DuongCon"
            },
            "tags_all": {
              "Demo": "Terraform",
              "Name": "DuongCon"
            },
            "vpc_id": "vpc-07283535c32223c98"
          },
          "sensitive_attributes": [],
          "identity_schema_version": 0,
          "private": "bnVsbA==",
          "dependencies": [
            "module.network.module.vpc.aws_vpc.this"
          ]
        }
      ]
    },
    {
      "module": "module.network.module.vpc",
      "mode": "managed",
      "type": "aws_default_route_table",
      "name": "default",
      "provider": "provider[\"registry.terraform.io/hashicorp/aws\"]",
      "instances": [
        {
          "index_key": 0,
          "schema_version": 0,
          "attributes": {
            "arn": "arn:aws:ec2:ap-southeast-1:596757758746:route-table/rtb-07c1c83db483e3771",
            "default_route_table_id": "rtb-07c1c83db483e3771",
            "id": "rtb-07c1c83db483e3771",
            "owner_id": "596757758746",
            "propagating_vgws": null,
            "region": "ap-southeast-1",
            "route": [],
            "tags": {
              "Demo": "Terraform",
              "Name": "DuongCon"
            },
            "tags_all": {
              "Demo": "Terraform",
              "Name": "DuongCon"
            },
            "timeouts": {
              "create": "5m",
              "update": "5m"
            },
            "vpc_id": "vpc-07283535c32223c98"
          },
          "sensitive_attributes": [],
          "identity_schema_version": 0,
          "private": "eyJlMmJmYjczMC1lY2FhLTExZTYtOGY4OC0zNDM2M2JjN2M0YzAiOnsiY3JlYXRlIjozMDAwMDAwMDAwMDAsInVwZGF0ZSI6MzAwMDAwMDAwMDAwfX0=",
          "dependencies": [
            "module.network.module.vpc.aws_vpc.this"
          ]
        }
      ]
    },
    {
      "module": "module.network.module.vpc",
      "mode": "managed",
      "type": "aws_default_security_group",
      "name": "this",
      "provider": "provider[\"registry.terraform.io/hashicorp/aws\"]",
      "instances": [
        {
          "index_key": 0,
          "schema_version": 1,
          "attributes": {
            "arn": "arn:aws:ec2:ap-southeast-1:596757758746:security-group/sg-02f0e028f98f18f6f",
            "description": "default VPC security group",
            "egress": [],
            "id": "sg-02f0e028f98f18f6f",
            "ingress": [],
            "name": "default",
            "name_prefix": "",
            "owner_id": "596757758746",
            "region": "ap-southeast-1",
            "revoke_rules_on_delete": false,
            "tags": {
              "Demo": "Terraform",
              "Name": "DuongCon"
            },
            "tags_all": {
              "Demo": "Terraform",
              "Name": "DuongCon"
            },
            "vpc_id": "vpc-07283535c32223c98"
          },
          "sensitive_attributes": [],
          "identity_schema_version": 0,
          "private": "eyJzY2hlbWFfdmVyc2lvbiI6IjEifQ==",
          "dependencies": [
            "module.network.module.vpc.aws_vpc.this"
          ]
        }
      ]
    },
    {
      "module": "module.network.module.vpc",
      "mode": "managed",
      "type": "aws_eip",
      "name": "nat",
      "provider": "provider[\"registry.terraform.io/hashicorp/aws\"]",
      "instances": [
        {
          "index_key": 0,
          "schema_version": 0,
          "attributes": {
            "address": null,
            "allocation_id": "eipalloc-02e6019c8f0888efc",
            "arn": "arn:aws:ec2:ap-southeast-1:596757758746:elastic-ip/eipalloc-02e6019c8f0888efc",
            "associate_with_private_ip": null,
            "association_id": "",
            "carrier_ip": "",
            "customer_owned_ip": "",
            "customer_owned_ipv4_pool": "",
            "domain": "vpc",
            "id": "eipalloc-02e6019c8f0888efc",
            "instance": "",
            "ipam_pool_id": null,
            "network_border_group": "ap-southeast-1",
            "network_interface": "",
            "private_dns": null,
            "private_ip": "",
            "ptr_record": "",
            "public_dns": "ec2-52-220-248-49.ap-southeast-1.compute.amazonaws.com",
            "public_ip": "52.220.248.49",
            "public_ipv4_pool": "amazon",
            "region": "ap-southeast-1",
            "tags": {
              "Demo": "Terraform",
              "Name": "DuongCon"
            },
            "tags_all": {
              "Demo": "Terraform",
              "Name": "DuongCon"
            },
            "timeouts": null
          },
          "sensitive_attributes": [],
          "identity_schema_version": 0,
          "private": "eyJlMmJmYjczMC1lY2FhLTExZTYtOGY4OC0zNDM2M2JjN2M0YzAiOnsiZGVsZXRlIjoxODAwMDAwMDAwMDAsInJlYWQiOjkwMDAwMDAwMDAwMCwidXBkYXRlIjozMDAwMDAwMDAwMDB9fQ==",
          "dependencies": [
            "module.network.module.vpc.aws_internet_gateway.this",
            "module.network.module.vpc.aws_vpc.this",
            "module.network.module.vpc.aws_vpc_ipv4_cidr_block_association.this"
          ]
        },
        {
          "index_key": 1,
          "schema_version": 0,
          "attributes": {
            "address": null,
            "allocation_id": "eipalloc-08db171628a5254ef",
            "arn": "arn:aws:ec2:ap-southeast-1:596757758746:elastic-ip/eipalloc-08db171628a5254ef",
            "associate_with_private_ip": null,
            "association_id": "",
            "carrier_ip": "",
            "customer_owned_ip": "",
            "customer_owned_ipv4_pool": "",
            "domain": "vpc",
            "id": "eipalloc-08db171628a5254ef",
            "instance": "",
            "ipam_pool_id": null,
            "network_border_group": "ap-southeast-1",
            "network_interface": "",
            "private_dns": null,
            "private_ip": "",
            "ptr_record": "",
            "public_dns": "ec2-3-0-125-23.ap-southeast-1.compute.amazonaws.com",
            "public_ip": "3.0.125.23",
            "public_ipv4_pool": "amazon",
            "region": "ap-southeast-1",
            "tags": {
              "Demo": "Terraform",
              "Name": "DuongCon"
            },
            "tags_all": {
              "Demo": "Terraform",
              "Name": "DuongCon"
            },
            "timeouts": null
          },
          "sensitive_attributes": [],
          "identity_schema_version": 0,
          "private": "eyJlMmJmYjczMC1lY2FhLTExZTYtOGY4OC0zNDM2M2JjN2M0YzAiOnsiZGVsZXRlIjoxODAwMDAwMDAwMDAsInJlYWQiOjkwMDAwMDAwMDAwMCwidXBkYXRlIjozMDAwMDAwMDAwMDB9fQ==",
          "dependencies": [
            "module.network.module.vpc.aws_internet_gateway.this",
            "module.network.module.vpc.aws_vpc.this",
            "module.network.module.vpc.aws_vpc_ipv4_cidr_block_association.this"
          ]
        }
      ]
    },
    {
      "module": "module.network.module.vpc",
      "mode": "managed",
      "type": "aws_internet_gateway",
      "name": "this",
      "provider": "provider[\"registry.terraform.io/hashicorp/aws\"]",
      "instances": [
        {
          "index_key": 0,
          "schema_version": 0,
          "attributes": {
            "arn": "arn:aws:ec2:ap-southeast-1:596757758746:internet-gateway/igw-0a5e2ee73e0eff217",
            "id": "igw-0a5e2ee73e0eff217",
            "owner_id": "596757758746",
            "region": "ap-southeast-1",
            "tags": {
              "Demo": "Terraform",
              "Name": "DuongCon"
            },
            "tags_all": {
              "Demo": "Terraform",
              "Name": "DuongCon"
            },
            "timeouts": null,
            "vpc_id": "vpc-07283535c32223c98"
          },
          "sensitive_attributes": [],
          "identity_schema_version": 0,
          "private": "eyJlMmJmYjczMC1lY2FhLTExZTYtOGY4OC0zNDM2M2JjN2M0YzAiOnsiY3JlYXRlIjoxMjAwMDAwMDAwMDAwLCJkZWxldGUiOjEyMDAwMDAwMDAwMDAsInVwZGF0ZSI6MTIwMDAwMDAwMDAwMH19",
          "dependencies": [
            "module.network.module.vpc.aws_vpc.this",
            "module.network.module.vpc.aws_vpc_ipv4_cidr_block_association.this"
          ]
        }
      ]
    },
    {
      "module": "module.network.module.vpc",
      "mode": "managed",
      "type": "aws_nat_gateway",
      "name": "this",
      "provider": "provider[\"registry.terraform.io/hashicorp/aws\"]",
      "instances": [
        {
          "index_key": 0,
          "schema_version": 0,
          "attributes": {
            "allocation_id": "eipalloc-02e6019c8f0888efc",
            "association_id": "eipassoc-019c1dacb604a7ba2",
            "auto_provision_zones": null,
            "auto_scaling_ips": null,
            "availability_mode": "zonal",
            "availability_zone_address": [],
            "connectivity_type": "public",
            "id": "nat-0480ea7171cf1aa25",
            "network_interface_id": "eni-0631018fa3aac36de",
            "private_ip": "10.10.1.244",
            "public_ip": "52.220.248.49",
            "region": "ap-southeast-1",
            "regional_nat_gateway_address": [],
            "regional_nat_gateway_auto_mode": null,
            "route_table_id": null,
            "secondary_allocation_ids": [],
            "secondary_private_ip_address_count": 0,
            "secondary_private_ip_addresses": [],
            "subnet_id": "subnet-05ad830d78e707b32",
            "tags": {
              "Demo": "Terraform",
              "Name": "DuongCon"
            },
            "tags_all": {
              "Demo": "Terraform",
              "Name": "DuongCon"
            },
            "timeouts": null,
            "vpc_id": "vpc-07283535c32223c98"
          },
          "sensitive_attributes": [],
          "identity_schema_version": 0,
          "private": "eyJlMmJmYjczMC1lY2FhLTExZTYtOGY4OC0zNDM2M2JjN2M0YzAiOnsiY3JlYXRlIjo2MDAwMDAwMDAwMDAsImRlbGV0ZSI6MTgwMDAwMDAwMDAwMCwidXBkYXRlIjo2MDAwMDAwMDAwMDB9fQ==",
          "dependencies": [
            "module.network.module.vpc.aws_eip.nat",
            "module.network.module.vpc.aws_internet_gateway.this",
            "module.network.module.vpc.aws_subnet.public",
            "module.network.module.vpc.aws_vpc.this",
            "module.network.module.vpc.aws_vpc_ipv4_cidr_block_association.this"
          ]
        },
        {
          "index_key": 1,
          "schema_version": 0,
          "attributes": {
            "allocation_id": "eipalloc-08db171628a5254ef",
            "association_id": "eipassoc-0208a56244c80545f",
            "auto_provision_zones": null,
            "auto_scaling_ips": null,
            "availability_mode": "zonal",
            "availability_zone_address": [],
            "connectivity_type": "public",
            "id": "nat-06cba829cb249e37c",
            "network_interface_id": "eni-08a86657733bc166f",
            "private_ip": "10.10.2.54",
            "public_ip": "3.0.125.23",
            "region": "ap-southeast-1",
            "regional_nat_gateway_address": [],
            "regional_nat_gateway_auto_mode": null,
            "route_table_id": null,
            "secondary_allocation_ids": [],
            "secondary_private_ip_address_count": 0,
            "secondary_private_ip_addresses": [],
            "subnet_id": "subnet-000a5010ae8b2591c",
            "tags": {
              "Demo": "Terraform",
              "Name": "DuongCon"
            },
            "tags_all": {
              "Demo": "Terraform",
              "Name": "DuongCon"
            },
            "timeouts": null,
            "vpc_id": "vpc-07283535c32223c98"
          },
          "sensitive_attributes": [],
          "identity_schema_version": 0,
          "private": "eyJlMmJmYjczMC1lY2FhLTExZTYtOGY4OC0zNDM2M2JjN2M0YzAiOnsiY3JlYXRlIjo2MDAwMDAwMDAwMDAsImRlbGV0ZSI6MTgwMDAwMDAwMDAwMCwidXBkYXRlIjo2MDAwMDAwMDAwMDB9fQ==",
          "dependencies": [
            "module.network.module.vpc.aws_eip.nat",
            "module.network.module.vpc.aws_internet_gateway.this",
            "module.network.module.vpc.aws_subnet.public",
            "module.network.module.vpc.aws_vpc.this",
            "module.network.module.vpc.aws_vpc_ipv4_cidr_block_association.this"
          ]
        }
      ]
    },
    {
      "module": "module.network.module.vpc",
      "mode": "managed",
      "type": "aws_route",
      "name": "private_nat_gateway",
      "provider": "provider[\"registry.terraform.io/hashicorp/aws\"]",
      "instances": [
        {
          "index_key": 0,
          "schema_version": 0,
          "attributes": {
            "carrier_gateway_id": "",
            "core_network_arn": "",
            "destination_cidr_block": "0.0.0.0/0",
            "destination_ipv6_cidr_block": "",
            "destination_prefix_list_id": "",
            "egress_only_gateway_id": "",
            "gateway_id": "",
            "id": "r-rtb-0eafc685a846ec0f71080289494",
            "instance_id": "",
            "instance_owner_id": "",
            "local_gateway_id": "",
            "nat_gateway_id": "nat-0480ea7171cf1aa25",
            "network_interface_id": "",
            "origin": "CreateRoute",
            "region": "ap-southeast-1",
            "route_table_id": "rtb-0eafc685a846ec0f7",
            "state": "active",
            "timeouts": {
              "create": "5m",
              "delete": null,
              "update": null
            },
            "transit_gateway_id": "",
            "vpc_endpoint_id": "",
            "vpc_peering_connection_id": ""
          },
          "sensitive_attributes": [],
          "identity_schema_version": 0,
          "identity": {
            "account_id": "596757758746",
            "destination_cidr_block": "0.0.0.0/0",
            "destination_ipv6_cidr_block": null,
            "destination_prefix_list_id": null,
            "region": "ap-southeast-1",
            "route_table_id": "rtb-0eafc685a846ec0f7"
          },
          "private": "eyJlMmJmYjczMC1lY2FhLTExZTYtOGY4OC0zNDM2M2JjN2M0YzAiOnsiY3JlYXRlIjozMDAwMDAwMDAwMDAsImRlbGV0ZSI6MzAwMDAwMDAwMDAwLCJ1cGRhdGUiOjEyMDAwMDAwMDAwMH19",
          "dependencies": [
            "module.network.module.vpc.aws_eip.nat",
            "module.network.module.vpc.aws_internet_gateway.this",
            "module.network.module.vpc.aws_nat_gateway.this",
            "module.network.module.vpc.aws_route_table.private",
            "module.network.module.vpc.aws_subnet.public",
            "module.network.module.vpc.aws_vpc.this",
            "module.network.module.vpc.aws_vpc_ipv4_cidr_block_association.this"
          ]
        },
        {
          "index_key": 1,
          "schema_version": 0,
          "attributes": {
            "carrier_gateway_id": "",
            "core_network_arn": "",
            "destination_cidr_block": "0.0.0.0/0",
            "destination_ipv6_cidr_block": "",
            "destination_prefix_list_id": "",
            "egress_only_gateway_id": "",
            "gateway_id": "",
            "id": "r-rtb-0726caea5c5add9501080289494",
            "instance_id": "",
            "instance_owner_id": "",
            "local_gateway_id": "",
            "nat_gateway_id": "nat-06cba829cb249e37c",
            "network_interface_id": "",
            "origin": "CreateRoute",
            "region": "ap-southeast-1",
            "route_table_id": "rtb-0726caea5c5add950",
            "state": "active",
            "timeouts": {
              "create": "5m",
              "delete": null,
              "update": null
            },
            "transit_gateway_id": "",
            "vpc_endpoint_id": "",
            "vpc_peering_connection_id": ""
          },
          "sensitive_attributes": [],
          "identity_schema_version": 0,
          "identity": {
            "account_id": "596757758746",
            "destination_cidr_block": "0.0.0.0/0",
            "destination_ipv6_cidr_block": null,
            "destination_prefix_list_id": null,
            "region": "ap-southeast-1",
            "route_table_id": "rtb-0726caea5c5add950"
          },
          "private": "eyJlMmJmYjczMC1lY2FhLTExZTYtOGY4OC0zNDM2M2JjN2M0YzAiOnsiY3JlYXRlIjozMDAwMDAwMDAwMDAsImRlbGV0ZSI6MzAwMDAwMDAwMDAwLCJ1cGRhdGUiOjEyMDAwMDAwMDAwMH19",
          "dependencies": [
            "module.network.module.vpc.aws_eip.nat",
            "module.network.module.vpc.aws_internet_gateway.this",
            "module.network.module.vpc.aws_nat_gateway.this",
            "module.network.module.vpc.aws_route_table.private",
            "module.network.module.vpc.aws_subnet.public",
            "module.network.module.vpc.aws_vpc.this",
            "module.network.module.vpc.aws_vpc_ipv4_cidr_block_association.this"
          ]
        }
      ]
    },
    {
      "module": "module.network.module.vpc",
      "mode": "managed",
      "type": "aws_route",
      "name": "public_internet_gateway",
      "provider": "provider[\"registry.terraform.io/hashicorp/aws\"]",
      "instances": [
        {
          "index_key": 0,
          "schema_version": 0,
          "attributes": {
            "carrier_gateway_id": "",
            "core_network_arn": "",
            "destination_cidr_block": "0.0.0.0/0",
            "destination_ipv6_cidr_block": "",
            "destination_prefix_list_id": "",
            "egress_only_gateway_id": "",
            "gateway_id": "igw-0a5e2ee73e0eff217",
            "id": "r-rtb-01f00710f733137ea1080289494",
            "instance_id": "",
            "instance_owner_id": "",
            "local_gateway_id": "",
            "nat_gateway_id": "",
            "network_interface_id": "",
            "origin": "CreateRoute",
            "region": "ap-southeast-1",
            "route_table_id": "rtb-01f00710f733137ea",
            "state": "active",
            "timeouts": {
              "create": "5m",
              "delete": null,
              "update": null
            },
            "transit_gateway_id": "",
            "vpc_endpoint_id": "",
            "vpc_peering_connection_id": ""
          },
          "sensitive_attributes": [],
          "identity_schema_version": 0,
          "identity": {
            "account_id": "596757758746",
            "destination_cidr_block": "0.0.0.0/0",
            "destination_ipv6_cidr_block": null,
            "destination_prefix_list_id": null,
            "region": "ap-southeast-1",
            "route_table_id": "rtb-01f00710f733137ea"
          },
          "private": "eyJlMmJmYjczMC1lY2FhLTExZTYtOGY4OC0zNDM2M2JjN2M0YzAiOnsiY3JlYXRlIjozMDAwMDAwMDAwMDAsImRlbGV0ZSI6MzAwMDAwMDAwMDAwLCJ1cGRhdGUiOjEyMDAwMDAwMDAwMH19",
          "dependencies": [
            "module.network.module.vpc.aws_internet_gateway.this",
            "module.network.module.vpc.aws_route_table.public",
            "module.network.module.vpc.aws_vpc.this",
            "module.network.module.vpc.aws_vpc_ipv4_cidr_block_association.this"
          ]
        }
      ]
    },
    {
      "module": "module.network.module.vpc",
      "mode": "managed",
      "type": "aws_route_table",
      "name": "private",
      "provider": "provider[\"registry.terraform.io/hashicorp/aws\"]",
      "instances": [
        {
          "index_key": 0,
          "schema_version": 0,
          "attributes": {
            "arn": "arn:aws:ec2:ap-southeast-1:596757758746:route-table/rtb-0eafc685a846ec0f7",
            "id": "rtb-0eafc685a846ec0f7",
            "owner_id": "596757758746",
            "propagating_vgws": [],
            "region": "ap-southeast-1",
            "route": [],
            "tags": {
              "Demo": "Terraform",
              "Name": "DuongCon"
            },
            "tags_all": {
              "Demo": "Terraform",
              "Name": "DuongCon"
            },
            "timeouts": null,
            "vpc_id": "vpc-07283535c32223c98"
          },
          "sensitive_attributes": [],
          "identity_schema_version": 0,
          "identity": {
            "account_id": "596757758746",
            "id": "rtb-0eafc685a846ec0f7",
            "region": "ap-southeast-1"
          },
          "private": "eyJlMmJmYjczMC1lY2FhLTExZTYtOGY4OC0zNDM2M2JjN2M0YzAiOnsiY3JlYXRlIjozMDAwMDAwMDAwMDAsImRlbGV0ZSI6MzAwMDAwMDAwMDAwLCJ1cGRhdGUiOjEyMDAwMDAwMDAwMH19",
          "dependencies": [
            "module.network.module.vpc.aws_vpc.this",
            "module.network.module.vpc.aws_vpc_ipv4_cidr_block_association.this"
          ]
        },
        {
          "index_key": 1,
          "schema_version": 0,
          "attributes": {
            "arn": "arn:aws:ec2:ap-southeast-1:596757758746:route-table/rtb-0726caea5c5add950",
            "id": "rtb-0726caea5c5add950",
            "owner_id": "596757758746",
            "propagating_vgws": [],
            "region": "ap-southeast-1",
            "route": [],
            "tags": {
              "Demo": "Terraform",
              "Name": "DuongCon"
            },
            "tags_all": {
              "Demo": "Terraform",
              "Name": "DuongCon"
            },
            "timeouts": null,
            "vpc_id": "vpc-07283535c32223c98"
          },
          "sensitive_attributes": [],
          "identity_schema_version": 0,
          "identity": {
            "account_id": "596757758746",
            "id": "rtb-0726caea5c5add950",
            "region": "ap-southeast-1"
          },
          "private": "eyJlMmJmYjczMC1lY2FhLTExZTYtOGY4OC0zNDM2M2JjN2M0YzAiOnsiY3JlYXRlIjozMDAwMDAwMDAwMDAsImRlbGV0ZSI6MzAwMDAwMDAwMDAwLCJ1cGRhdGUiOjEyMDAwMDAwMDAwMH19",
          "dependencies": [
            "module.network.module.vpc.aws_vpc.this",
            "module.network.module.vpc.aws_vpc_ipv4_cidr_block_association.this"
          ]
        }
      ]
    },
    {
      "module": "module.network.module.vpc",
      "mode": "managed",
      "type": "aws_route_table",
      "name": "public",
      "provider": "provider[\"registry.terraform.io/hashicorp/aws\"]",
      "instances": [
        {
          "index_key": 0,
          "schema_version": 0,
          "attributes": {
            "arn": "arn:aws:ec2:ap-southeast-1:596757758746:route-table/rtb-01f00710f733137ea",
            "id": "rtb-01f00710f733137ea",
            "owner_id": "596757758746",
            "propagating_vgws": [],
            "region": "ap-southeast-1",
            "route": [],
            "tags": {
              "Demo": "Terraform",
              "Name": "DuongCon"
            },
            "tags_all": {
              "Demo": "Terraform",
              "Name": "DuongCon"
            },
            "timeouts": null,
            "vpc_id": "vpc-07283535c32223c98"
          },
          "sensitive_attributes": [],
          "identity_schema_version": 0,
          "identity": {
            "account_id": "596757758746",
            "id": "rtb-01f00710f733137ea",
            "region": "ap-southeast-1"
          },
          "private": "eyJlMmJmYjczMC1lY2FhLTExZTYtOGY4OC0zNDM2M2JjN2M0YzAiOnsiY3JlYXRlIjozMDAwMDAwMDAwMDAsImRlbGV0ZSI6MzAwMDAwMDAwMDAwLCJ1cGRhdGUiOjEyMDAwMDAwMDAwMH19",
          "dependencies": [
            "module.network.module.vpc.aws_vpc.this",
            "module.network.module.vpc.aws_vpc_ipv4_cidr_block_association.this"
          ]
        }
      ]
    },
    {
      "module": "module.network.module.vpc",
      "mode": "managed",
      "type": "aws_route_table_association",
      "name": "private",
      "provider": "provider[\"registry.terraform.io/hashicorp/aws\"]",
      "instances": [
        {
          "index_key": 0,
          "schema_version": 0,
          "attributes": {
            "gateway_id": "",
            "id": "rtbassoc-0d6932f087579601c",
            "region": "ap-southeast-1",
            "route_table_id": "rtb-0eafc685a846ec0f7",
            "subnet_id": "subnet-0a2d03fa43f024649",
            "timeouts": null
          },
          "sensitive_attributes": [],
          "identity_schema_version": 0,
          "private": "eyJlMmJmYjczMC1lY2FhLTExZTYtOGY4OC0zNDM2M2JjN2M0YzAiOnsiY3JlYXRlIjozMDAwMDAwMDAwMDAsImRlbGV0ZSI6MzAwMDAwMDAwMDAwLCJ1cGRhdGUiOjEyMDAwMDAwMDAwMH19",
          "dependencies": [
            "module.network.module.vpc.aws_route_table.private",
            "module.network.module.vpc.aws_subnet.private",
            "module.network.module.vpc.aws_vpc.this",
            "module.network.module.vpc.aws_vpc_ipv4_cidr_block_association.this"
          ]
        },
        {
          "index_key": 1,
          "schema_version": 0,
          "attributes": {
            "gateway_id": "",
            "id": "rtbassoc-011f7a3f4b0a8110f",
            "region": "ap-southeast-1",
            "route_table_id": "rtb-0726caea5c5add950",
            "subnet_id": "subnet-0334f6ecf5bd701a0",
            "timeouts": null
          },
          "sensitive_attributes": [],
          "identity_schema_version": 0,
          "private": "eyJlMmJmYjczMC1lY2FhLTExZTYtOGY4OC0zNDM2M2JjN2M0YzAiOnsiY3JlYXRlIjozMDAwMDAwMDAwMDAsImRlbGV0ZSI6MzAwMDAwMDAwMDAwLCJ1cGRhdGUiOjEyMDAwMDAwMDAwMH19",
          "dependencies": [
            "module.network.module.vpc.aws_route_table.private",
            "module.network.module.vpc.aws_subnet.private",
            "module.network.module.vpc.aws_vpc.this",
            "module.network.module.vpc.aws_vpc_ipv4_cidr_block_association.this"
          ]
        }
      ]
    },
    {
      "module": "module.network.module.vpc",
      "mode": "managed",
      "type": "aws_route_table_association",
      "name": "public",
      "provider": "provider[\"registry.terraform.io/hashicorp/aws\"]",
      "instances": [
        {
          "index_key": 0,
          "schema_version": 0,
          "attributes": {
            "gateway_id": "",
            "id": "rtbassoc-09061da2227568525",
            "region": "ap-southeast-1",
            "route_table_id": "rtb-01f00710f733137ea",
            "subnet_id": "subnet-05ad830d78e707b32",
            "timeouts": null
          },
          "sensitive_attributes": [],
          "identity_schema_version": 0,
          "private": "eyJlMmJmYjczMC1lY2FhLTExZTYtOGY4OC0zNDM2M2JjN2M0YzAiOnsiY3JlYXRlIjozMDAwMDAwMDAwMDAsImRlbGV0ZSI6MzAwMDAwMDAwMDAwLCJ1cGRhdGUiOjEyMDAwMDAwMDAwMH19",
          "dependencies": [
            "module.network.module.vpc.aws_route_table.public",
            "module.network.module.vpc.aws_subnet.public",
            "module.network.module.vpc.aws_vpc.this",
            "module.network.module.vpc.aws_vpc_ipv4_cidr_block_association.this"
          ]
        },
        {
          "index_key": 1,
          "schema_version": 0,
          "attributes": {
            "gateway_id": "",
            "id": "rtbassoc-0871aa936eac133b8",
            "region": "ap-southeast-1",
            "route_table_id": "rtb-01f00710f733137ea",
            "subnet_id": "subnet-000a5010ae8b2591c",
            "timeouts": null
          },
          "sensitive_attributes": [],
          "identity_schema_version": 0,
          "private": "eyJlMmJmYjczMC1lY2FhLTExZTYtOGY4OC0zNDM2M2JjN2M0YzAiOnsiY3JlYXRlIjozMDAwMDAwMDAwMDAsImRlbGV0ZSI6MzAwMDAwMDAwMDAwLCJ1cGRhdGUiOjEyMDAwMDAwMDAwMH19",
          "dependencies": [
            "module.network.module.vpc.aws_route_table.public",
            "module.network.module.vpc.aws_subnet.public",
            "module.network.module.vpc.aws_vpc.this",
            "module.network.module.vpc.aws_vpc_ipv4_cidr_block_association.this"
          ]
        }
      ]
    },
    {
      "module": "module.network.module.vpc",
      "mode": "managed",
      "type": "aws_subnet",
      "name": "private",
      "provider": "provider[\"registry.terraform.io/hashicorp/aws\"]",
      "instances": [
        {
          "index_key": 0,
          "schema_version": 1,
          "attributes": {
            "arn": "arn:aws:ec2:ap-southeast-1:596757758746:subnet/subnet-0a2d03fa43f024649",
            "assign_ipv6_address_on_creation": false,
            "availability_zone": "ap-southeast-1a",
            "availability_zone_id": "apse1-az2",
            "cidr_block": "10.10.101.0/24",
            "customer_owned_ipv4_pool": "",
            "enable_dns64": false,
            "enable_lni_at_device_index": 0,
            "enable_resource_name_dns_a_record_on_launch": false,
            "enable_resource_name_dns_aaaa_record_on_launch": false,
            "id": "subnet-0a2d03fa43f024649",
            "ipv6_cidr_block": "",
            "ipv6_cidr_block_association_id": "",
            "ipv6_native": false,
            "map_customer_owned_ip_on_launch": false,
            "map_public_ip_on_launch": false,
            "outpost_arn": "",
            "owner_id": "596757758746",
            "private_dns_hostname_type_on_launch": "ip-name",
            "region": "ap-southeast-1",
            "tags": {
              "Demo": "Terraform",
              "Name": "DuongCon"
            },
            "tags_all": {
              "Demo": "Terraform",
              "Name": "DuongCon"
            },
            "timeouts": null,
            "vpc_id": "vpc-07283535c32223c98"
          },
          "sensitive_attributes": [],
          "identity_schema_version": 0,
          "identity": {
            "account_id": "596757758746",
            "id": "subnet-0a2d03fa43f024649",
            "region": "ap-southeast-1"
          },
          "private": "eyJlMmJmYjczMC1lY2FhLTExZTYtOGY4OC0zNDM2M2JjN2M0YzAiOnsiY3JlYXRlIjo2MDAwMDAwMDAwMDAsImRlbGV0ZSI6MTIwMDAwMDAwMDAwMH0sInNjaGVtYV92ZXJzaW9uIjoiMSJ9",
          "dependencies": [
            "module.network.module.vpc.aws_vpc.this",
            "module.network.module.vpc.aws_vpc_ipv4_cidr_block_association.this"
          ]
        },
        {
          "index_key": 1,
          "schema_version": 1,
          "attributes": {
            "arn": "arn:aws:ec2:ap-southeast-1:596757758746:subnet/subnet-0334f6ecf5bd701a0",
            "assign_ipv6_address_on_creation": false,
            "availability_zone": "ap-southeast-1b",
            "availability_zone_id": "apse1-az1",
            "cidr_block": "10.10.102.0/24",
            "customer_owned_ipv4_pool": "",
            "enable_dns64": false,
            "enable_lni_at_device_index": 0,
            "enable_resource_name_dns_a_record_on_launch": false,
            "enable_resource_name_dns_aaaa_record_on_launch": false,
            "id": "subnet-0334f6ecf5bd701a0",
            "ipv6_cidr_block": "",
            "ipv6_cidr_block_association_id": "",
            "ipv6_native": false,
            "map_customer_owned_ip_on_launch": false,
            "map_public_ip_on_launch": false,
            "outpost_arn": "",
            "owner_id": "596757758746",
            "private_dns_hostname_type_on_launch": "ip-name",
            "region": "ap-southeast-1",
            "tags": {
              "Demo": "Terraform",
              "Name": "DuongCon"
            },
            "tags_all": {
              "Demo": "Terraform",
              "Name": "DuongCon"
            },
            "timeouts": null,
            "vpc_id": "vpc-07283535c32223c98"
          },
          "sensitive_attributes": [],
          "identity_schema_version": 0,
          "identity": {
            "account_id": "596757758746",
            "id": "subnet-0334f6ecf5bd701a0",
            "region": "ap-southeast-1"
          },
          "private": "eyJlMmJmYjczMC1lY2FhLTExZTYtOGY4OC0zNDM2M2JjN2M0YzAiOnsiY3JlYXRlIjo2MDAwMDAwMDAwMDAsImRlbGV0ZSI6MTIwMDAwMDAwMDAwMH0sInNjaGVtYV92ZXJzaW9uIjoiMSJ9",
          "dependencies": [
            "module.network.module.vpc.aws_vpc.this",
            "module.network.module.vpc.aws_vpc_ipv4_cidr_block_association.this"
          ]
        }
      ]
    },
    {
      "module": "module.network.module.vpc",
      "mode": "managed",
      "type": "aws_subnet",
      "name": "public",
      "provider": "provider[\"registry.terraform.io/hashicorp/aws\"]",
      "instances": [
        {
          "index_key": 0,
          "schema_version": 1,
          "attributes": {
            "arn": "arn:aws:ec2:ap-southeast-1:596757758746:subnet/subnet-05ad830d78e707b32",
            "assign_ipv6_address_on_creation": false,
            "availability_zone": "ap-southeast-1a",
            "availability_zone_id": "apse1-az2",
            "cidr_block": "10.10.1.0/24",
            "customer_owned_ipv4_pool": "",
            "enable_dns64": false,
            "enable_lni_at_device_index": 0,
            "enable_resource_name_dns_a_record_on_launch": false,
            "enable_resource_name_dns_aaaa_record_on_launch": false,
            "id": "subnet-05ad830d78e707b32",
            "ipv6_cidr_block": "",
            "ipv6_cidr_block_association_id": "",
            "ipv6_native": false,
            "map_customer_owned_ip_on_launch": false,
            "map_public_ip_on_launch": false,
            "outpost_arn": "",
            "owner_id": "596757758746",
            "private_dns_hostname_type_on_launch": "ip-name",
            "region": "ap-southeast-1",
            "tags": {
              "Demo": "Terraform",
              "Name": "DuongCon"
            },
            "tags_all": {
              "Demo": "Terraform",
              "Name": "DuongCon"
            },
            "timeouts": null,
            "vpc_id": "vpc-07283535c32223c98"
          },
          "sensitive_attributes": [],
          "identity_schema_version": 0,
          "identity": {
            "account_id": "596757758746",
            "id": "subnet-05ad830d78e707b32",
            "region": "ap-southeast-1"
          },
          "private": "eyJlMmJmYjczMC1lY2FhLTExZTYtOGY4OC0zNDM2M2JjN2M0YzAiOnsiY3JlYXRlIjo2MDAwMDAwMDAwMDAsImRlbGV0ZSI6MTIwMDAwMDAwMDAwMH0sInNjaGVtYV92ZXJzaW9uIjoiMSJ9",
          "dependencies": [
            "module.network.module.vpc.aws_vpc.this",
            "module.network.module.vpc.aws_vpc_ipv4_cidr_block_association.this"
          ]
        },
        {
          "index_key": 1,
          "schema_version": 1,
          "attributes": {
            "arn": "arn:aws:ec2:ap-southeast-1:596757758746:subnet/subnet-000a5010ae8b2591c",
            "assign_ipv6_address_on_creation": false,
            "availability_zone": "ap-southeast-1b",
            "availability_zone_id": "apse1-az1",
            "cidr_block": "10.10.2.0/24",
            "customer_owned_ipv4_pool": "",
            "enable_dns64": false,
            "enable_lni_at_device_index": 0,
            "enable_resource_name_dns_a_record_on_launch": false,
            "enable_resource_name_dns_aaaa_record_on_launch": false,
            "id": "subnet-000a5010ae8b2591c",
            "ipv6_cidr_block": "",
            "ipv6_cidr_block_association_id": "",
            "ipv6_native": false,
            "map_customer_owned_ip_on_launch": false,
            "map_public_ip_on_launch": false,
            "outpost_arn": "",
            "owner_id": "596757758746",
            "private_dns_hostname_type_on_launch": "ip-name",
            "region": "ap-southeast-1",
            "tags": {
              "Demo": "Terraform",
              "Name": "DuongCon"
            },
            "tags_all": {
              "Demo": "Terraform",
              "Name": "DuongCon"
            },
            "timeouts": null,
            "vpc_id": "vpc-07283535c32223c98"
          },
          "sensitive_attributes": [],
          "identity_schema_version": 0,
          "identity": {
            "account_id": "596757758746",
            "id": "subnet-000a5010ae8b2591c",
            "region": "ap-southeast-1"
          },
          "private": "eyJlMmJmYjczMC1lY2FhLTExZTYtOGY4OC0zNDM2M2JjN2M0YzAiOnsiY3JlYXRlIjo2MDAwMDAwMDAwMDAsImRlbGV0ZSI6MTIwMDAwMDAwMDAwMH0sInNjaGVtYV92ZXJzaW9uIjoiMSJ9",
          "dependencies": [
            "module.network.module.vpc.aws_vpc.this",
            "module.network.module.vpc.aws_vpc_ipv4_cidr_block_association.this"
          ]
        }
      ]
    },
    {
      "module": "module.network.module.vpc",
      "mode": "managed",
      "type": "aws_vpc",
      "name": "this",
      "provider": "provider[\"registry.terraform.io/hashicorp/aws\"]",
      "instances": [
        {
          "index_key": 0,
          "schema_version": 1,
          "attributes": {
            "arn": "arn:aws:ec2:ap-southeast-1:596757758746:vpc/vpc-07283535c32223c98",
            "assign_generated_ipv6_cidr_block": false,
            "cidr_block": "10.10.0.0/16",
            "default_network_acl_id": "acl-04cfec28d6f8b89aa",
            "default_route_table_id": "rtb-07c1c83db483e3771",
            "default_security_group_id": "sg-02f0e028f98f18f6f",
            "dhcp_options_id": "dopt-03e77db624ee03b31",
            "enable_dns_hostnames": true,
            "enable_dns_support": true,
            "enable_network_address_usage_metrics": false,
            "id": "vpc-07283535c32223c98",
            "instance_tenancy": "default",
            "ipv4_ipam_pool_id": null,
            "ipv4_netmask_length": null,
            "ipv6_association_id": "",
            "ipv6_cidr_block": "",
            "ipv6_cidr_block_network_border_group": "",
            "ipv6_ipam_pool_id": "",
            "ipv6_netmask_length": 0,
            "main_route_table_id": "rtb-07c1c83db483e3771",
            "owner_id": "596757758746",
            "region": "ap-southeast-1",
            "tags": {
              "Demo": "Terraform",
              "Name": "DuongCon"
            },
            "tags_all": {
              "Demo": "Terraform",
              "Name": "DuongCon"
            }
          },
          "sensitive_attributes": [],
          "identity_schema_version": 0,
          "identity": {
            "account_id": "596757758746",
            "id": "vpc-07283535c32223c98",
            "region": "ap-southeast-1"
          },
          "private": "eyJzY2hlbWFfdmVyc2lvbiI6IjEifQ=="
        }
      ]
    },
    {
      "module": "module.security",
      "mode": "managed",
      "type": "aws_security_group",
      "name": "alb",
      "provider": "provider[\"registry.terraform.io/hashicorp/aws\"]",
      "instances": [
        {
          "schema_version": 1,
          "attributes": {
            "arn": "arn:aws:ec2:ap-southeast-1:596757758746:security-group/sg-006509e047f9b741e",
            "description": "alb network traffic",
            "egress": [
              {
                "cidr_blocks": [
                  "0.0.0.0/0"
                ],
                "description": "all all outbound traffic",
                "from_port": 0,
                "ipv6_cidr_blocks": [],
                "prefix_list_ids": [],
                "protocol": "-1",
                "security_groups": [],
                "self": false,
                "to_port": 0
              }
            ],
            "id": "sg-006509e047f9b741e",
            "ingress": [
              {
                "cidr_blocks": [
                  "0.0.0.0/0"
                ],
                "description": "80 from anywhere",
                "from_port": 80,
                "ipv6_cidr_blocks": [],
                "prefix_list_ids": [],
                "protocol": "tcp",
                "security_groups": [],
                "self": false,
                "to_port": 80
              }
            ],
            "name": "alb",
            "name_prefix": "",
            "owner_id": "596757758746",
            "region": "ap-southeast-1",
            "revoke_rules_on_delete": false,
            "tags": {
              "Name": "allow traffic"
            },
            "tags_all": {
              "Name": "allow traffic"
            },
            "timeouts": null,
            "vpc_id": "vpc-07283535c32223c98"
          },
          "sensitive_attributes": [],
          "identity_schema_version": 0,
          "identity": {
            "account_id": "596757758746",
            "id": "sg-006509e047f9b741e",
            "region": "ap-southeast-1"
          },
          "private": "eyJlMmJmYjczMC1lY2FhLTExZTYtOGY4OC0zNDM2M2JjN2M0YzAiOnsiY3JlYXRlIjo2MDAwMDAwMDAwMDAsImRlbGV0ZSI6OTAwMDAwMDAwMDAwfSwic2NoZW1hX3ZlcnNpb24iOiIxIn0=",
          "dependencies": [
            "module.network.module.vpc.aws_cloudwatch_log_group.flow_log",
            "module.network.module.vpc.aws_customer_gateway.this",
            "module.network.module.vpc.aws_db_subnet_group.database",
            "module.network.module.vpc.aws_default_network_acl.this",
            "module.network.module.vpc.aws_default_route_table.default",
            "module.network.module.vpc.aws_default_security_group.this",
            "module.network.module.vpc.aws_default_vpc.this",
            "module.network.module.vpc.aws_egress_only_internet_gateway.this",
            "module.network.module.vpc.aws_eip.nat",
            "module.network.module.vpc.aws_elasticache_subnet_group.elasticache",
            "module.network.module.vpc.aws_flow_log.this",
            "module.network.module.vpc.aws_iam_policy.vpc_flow_log_cloudwatch",
            "module.network.module.vpc.aws_iam_role.vpc_flow_log_cloudwatch",
            "module.network.module.vpc.aws_iam_role_policy_attachment.vpc_flow_log_cloudwatch",
            "module.network.module.vpc.aws_internet_gateway.this",
            "module.network.module.vpc.aws_nat_gateway.this",
            "module.network.module.vpc.aws_network_acl.database",
            "module.network.module.vpc.aws_network_acl.elasticache",
            "module.network.module.vpc.aws_network_acl.intra",
            "module.network.module.vpc.aws_network_acl.outpost",
            "module.network.module.vpc.aws_network_acl.private",
            "module.network.module.vpc.aws_network_acl.public",
            "module.network.module.vpc.aws_network_acl.redshift",
            "module.network.module.vpc.aws_network_acl_rule.database_inbound",
            "module.network.module.vpc.aws_network_acl_rule.database_outbound",
            "module.network.module.vpc.aws_network_acl_rule.elasticache_inbound",
            "module.network.module.vpc.aws_network_acl_rule.elasticache_outbound",
            "module.network.module.vpc.aws_network_acl_rule.intra_inbound",
            "module.network.module.vpc.aws_network_acl_rule.intra_outbound",
            "module.network.module.vpc.aws_network_acl_rule.outpost_inbound",
            "module.network.module.vpc.aws_network_acl_rule.outpost_outbound",
            "module.network.module.vpc.aws_network_acl_rule.private_inbound",
            "module.network.module.vpc.aws_network_acl_rule.private_outbound",
            "module.network.module.vpc.aws_network_acl_rule.public_inbound",
            "module.network.module.vpc.aws_network_acl_rule.public_outbound",
            "module.network.module.vpc.aws_network_acl_rule.redshift_inbound",
            "module.network.module.vpc.aws_network_acl_rule.redshift_outbound",
            "module.network.module.vpc.aws_redshift_subnet_group.redshift",
            "module.network.module.vpc.aws_route.database_dns64_nat_gateway",
            "module.network.module.vpc.aws_route.database_internet_gateway",
            "module.network.module.vpc.aws_route.database_ipv6_egress",
            "module.network.module.vpc.aws_route.database_nat_gateway",
            "module.network.module.vpc.aws_route.private_dns64_nat_gateway",
            "module.network.module.vpc.aws_route.private_ipv6_egress",
            "module.network.module.vpc.aws_route.private_nat_gateway",
            "module.network.module.vpc.aws_route.public_internet_gateway",
            "module.network.module.vpc.aws_route.public_internet_gateway_ipv6",
            "module.network.module.vpc.aws_route_table.database",
            "module.network.module.vpc.aws_route_table.elasticache",
            "module.network.module.vpc.aws_route_table.intra",
            "module.network.module.vpc.aws_route_table.private",
            "module.network.module.vpc.aws_route_table.public",
            "module.network.module.vpc.aws_route_table.redshift",
            "module.network.module.vpc.aws_route_table_association.database",
            "module.network.module.vpc.aws_route_table_association.elasticache",
            "module.network.module.vpc.aws_route_table_association.intra",
            "module.network.module.vpc.aws_route_table_association.outpost",
            "module.network.module.vpc.aws_route_table_association.private",
            "module.network.module.vpc.aws_route_table_association.public",
            "module.network.module.vpc.aws_route_table_association.redshift",
            "module.network.module.vpc.aws_route_table_association.redshift_public",
            "module.network.module.vpc.aws_subnet.database",
            "module.network.module.vpc.aws_subnet.elasticache",
            "module.network.module.vpc.aws_subnet.intra",
            "module.network.module.vpc.aws_subnet.outpost",
            "module.network.module.vpc.aws_subnet.private",
            "module.network.module.vpc.aws_subnet.public",
            "module.network.module.vpc.aws_subnet.redshift",
            "module.network.module.vpc.aws_vpc.this",
            "module.network.module.vpc.aws_vpc_dhcp_options.this",
            "module.network.module.vpc.aws_vpc_dhcp_options_association.this",
            "module.network.module.vpc.aws_vpc_ipv4_cidr_block_association.this",
            "module.network.module.vpc.aws_vpn_gateway.this",
            "module.network.module.vpc.aws_vpn_gateway_attachment.this",
            "module.network.module.vpc.aws_vpn_gateway_route_propagation.intra",
            "module.network.module.vpc.aws_vpn_gateway_route_propagation.private",
            "module.network.module.vpc.aws_vpn_gateway_route_propagation.public",
            "module.network.module.vpc.data.aws_iam_policy_document.flow_log_cloudwatch_assume_role",
            "module.network.module.vpc.data.aws_iam_policy_document.vpc_flow_log_cloudwatch"
          ]
        }
      ]
    },
    {
      "module": "module.security",
      "mode": "managed",
      "type": "aws_security_group",
      "name": "application",
      "provider": "provider[\"registry.terraform.io/hashicorp/aws\"]",
      "instances": [
        {
          "schema_version": 1,
          "attributes": {
            "arn": "arn:aws:ec2:ap-southeast-1:596757758746:security-group/sg-09b187212d1ae3a01",
            "description": "application network traffic",
            "egress": [
              {
                "cidr_blocks": [
                  "0.0.0.0/0"
                ],
                "description": "all all outbound traffic",
                "from_port": 0,
                "ipv6_cidr_blocks": [],
                "prefix_list_ids": [],
                "protocol": "-1",
                "security_groups": [],
                "self": false,
                "to_port": 0
              }
            ],
            "id": "sg-09b187212d1ae3a01",
            "ingress": [
              {
                "cidr_blocks": [],
                "description": "22 from bastion",
                "from_port": 22,
                "ipv6_cidr_blocks": [],
                "prefix_list_ids": [],
                "protocol": "tcp",
                "security_groups": [
                  "sg-00f78ea06a68cb919"
                ],
                "self": false,
                "to_port": 22
              },
              {
                "cidr_blocks": [],
                "description": "80 from alb",
                "from_port": 80,
                "ipv6_cidr_blocks": [],
                "prefix_list_ids": [],
                "protocol": "tcp",
                "security_groups": [
                  "sg-006509e047f9b741e"
                ],
                "self": false,
                "to_port": 80
              },
              {
                "cidr_blocks": [],
                "description": "80 from bastion",
                "from_port": 80,
                "ipv6_cidr_blocks": [],
                "prefix_list_ids": [],
                "protocol": "tcp",
                "security_groups": [
                  "sg-00f78ea06a68cb919"
                ],
                "self": false,
                "to_port": 80
              },
              {
                "cidr_blocks": [],
                "description": "8080 from alb",
                "from_port": 8080,
                "ipv6_cidr_blocks": [],
                "prefix_list_ids": [],
                "protocol": "tcp",
                "security_groups": [
                  "sg-006509e047f9b741e"
                ],
                "self": false,
                "to_port": 8080
              },
              {
                "cidr_blocks": [],
                "description": "8080 from bastion",
                "from_port": 8080,
                "ipv6_cidr_blocks": [],
                "prefix_list_ids": [],
                "protocol": "tcp",
                "security_groups": [
                  "sg-00f78ea06a68cb919"
                ],
                "self": false,
                "to_port": 8080
              }
            ],
            "name": "application",
            "name_prefix": "",
            "owner_id": "596757758746",
            "region": "ap-southeast-1",
            "revoke_rules_on_delete": false,
            "tags": {
              "Name": "application allow traffic"
            },
            "tags_all": {
              "Name": "application allow traffic"
            },
            "timeouts": null,
            "vpc_id": "vpc-07283535c32223c98"
          },
          "sensitive_attributes": [],
          "identity_schema_version": 0,
          "identity": {
            "account_id": "596757758746",
            "id": "sg-09b187212d1ae3a01",
            "region": "ap-southeast-1"
          },
          "private": "eyJlMmJmYjczMC1lY2FhLTExZTYtOGY4OC0zNDM2M2JjN2M0YzAiOnsiY3JlYXRlIjo2MDAwMDAwMDAwMDAsImRlbGV0ZSI6OTAwMDAwMDAwMDAwfSwic2NoZW1hX3ZlcnNpb24iOiIxIn0=",
          "dependencies": [
            "module.network.module.vpc.aws_cloudwatch_log_group.flow_log",
            "module.network.module.vpc.aws_customer_gateway.this",
            "module.network.module.vpc.aws_db_subnet_group.database",
            "module.network.module.vpc.aws_default_network_acl.this",
            "module.network.module.vpc.aws_default_route_table.default",
            "module.network.module.vpc.aws_default_security_group.this",
            "module.network.module.vpc.aws_default_vpc.this",
            "module.network.module.vpc.aws_egress_only_internet_gateway.this",
            "module.network.module.vpc.aws_eip.nat",
            "module.network.module.vpc.aws_elasticache_subnet_group.elasticache",
            "module.network.module.vpc.aws_flow_log.this",
            "module.network.module.vpc.aws_iam_policy.vpc_flow_log_cloudwatch",
            "module.network.module.vpc.aws_iam_role.vpc_flow_log_cloudwatch",
            "module.network.module.vpc.aws_iam_role_policy_attachment.vpc_flow_log_cloudwatch",
            "module.network.module.vpc.aws_internet_gateway.this",
            "module.network.module.vpc.aws_nat_gateway.this",
            "module.network.module.vpc.aws_network_acl.database",
            "module.network.module.vpc.aws_network_acl.elasticache",
            "module.network.module.vpc.aws_network_acl.intra",
            "module.network.module.vpc.aws_network_acl.outpost",
            "module.network.module.vpc.aws_network_acl.private",
            "module.network.module.vpc.aws_network_acl.public",
            "module.network.module.vpc.aws_network_acl.redshift",
            "module.network.module.vpc.aws_network_acl_rule.database_inbound",
            "module.network.module.vpc.aws_network_acl_rule.database_outbound",
            "module.network.module.vpc.aws_network_acl_rule.elasticache_inbound",
            "module.network.module.vpc.aws_network_acl_rule.elasticache_outbound",
            "module.network.module.vpc.aws_network_acl_rule.intra_inbound",
            "module.network.module.vpc.aws_network_acl_rule.intra_outbound",
            "module.network.module.vpc.aws_network_acl_rule.outpost_inbound",
            "module.network.module.vpc.aws_network_acl_rule.outpost_outbound",
            "module.network.module.vpc.aws_network_acl_rule.private_inbound",
            "module.network.module.vpc.aws_network_acl_rule.private_outbound",
            "module.network.module.vpc.aws_network_acl_rule.public_inbound",
            "module.network.module.vpc.aws_network_acl_rule.public_outbound",
            "module.network.module.vpc.aws_network_acl_rule.redshift_inbound",
            "module.network.module.vpc.aws_network_acl_rule.redshift_outbound",
            "module.network.module.vpc.aws_redshift_subnet_group.redshift",
            "module.network.module.vpc.aws_route.database_dns64_nat_gateway",
            "module.network.module.vpc.aws_route.database_internet_gateway",
            "module.network.module.vpc.aws_route.database_ipv6_egress",
            "module.network.module.vpc.aws_route.database_nat_gateway",
            "module.network.module.vpc.aws_route.private_dns64_nat_gateway",
            "module.network.module.vpc.aws_route.private_ipv6_egress",
            "module.network.module.vpc.aws_route.private_nat_gateway",
            "module.network.module.vpc.aws_route.public_internet_gateway",
            "module.network.module.vpc.aws_route.public_internet_gateway_ipv6",
            "module.network.module.vpc.aws_route_table.database",
            "module.network.module.vpc.aws_route_table.elasticache",
            "module.network.module.vpc.aws_route_table.intra",
            "module.network.module.vpc.aws_route_table.private",
            "module.network.module.vpc.aws_route_table.public",
            "module.network.module.vpc.aws_route_table.redshift",
            "module.network.module.vpc.aws_route_table_association.database",
            "module.network.module.vpc.aws_route_table_association.elasticache",
            "module.network.module.vpc.aws_route_table_association.intra",
            "module.network.module.vpc.aws_route_table_association.outpost",
            "module.network.module.vpc.aws_route_table_association.private",
            "module.network.module.vpc.aws_route_table_association.public",
            "module.network.module.vpc.aws_route_table_association.redshift",
            "module.network.module.vpc.aws_route_table_association.redshift_public",
            "module.network.module.vpc.aws_subnet.database",
            "module.network.module.vpc.aws_subnet.elasticache",
            "module.network.module.vpc.aws_subnet.intra",
            "module.network.module.vpc.aws_subnet.outpost",
            "module.network.module.vpc.aws_subnet.private",
            "module.network.module.vpc.aws_subnet.public",
            "module.network.module.vpc.aws_subnet.redshift",
            "module.network.module.vpc.aws_vpc.this",
            "module.network.module.vpc.aws_vpc_dhcp_options.this",
            "module.network.module.vpc.aws_vpc_dhcp_options_association.this",
            "module.network.module.vpc.aws_vpc_ipv4_cidr_block_association.this",
            "module.network.module.vpc.aws_vpn_gateway.this",
            "module.network.module.vpc.aws_vpn_gateway_attachment.this",
            "module.network.module.vpc.aws_vpn_gateway_route_propagation.intra",
            "module.network.module.vpc.aws_vpn_gateway_route_propagation.private",
            "module.network.module.vpc.aws_vpn_gateway_route_propagation.public",
            "module.network.module.vpc.data.aws_iam_policy_document.flow_log_cloudwatch_assume_role",
            "module.network.module.vpc.data.aws_iam_policy_document.vpc_flow_log_cloudwatch",
            "module.security.aws_security_group.alb",
            "module.security.aws_security_group.bastion"
          ]
        }
      ]
    },
    {
      "module": "module.security",
      "mode": "managed",
      "type": "aws_security_group",
      "name": "bastion",
      "provider": "provider[\"registry.terraform.io/hashicorp/aws\"]",
      "instances": [
        {
          "schema_version": 1,
          "attributes": {
            "arn": "arn:aws:ec2:ap-southeast-1:596757758746:security-group/sg-00f78ea06a68cb919",
            "description": "bastion network traffic",
            "egress": [
              {
                "cidr_blocks": [
                  "0.0.0.0/0"
                ],
                "description": "all all outbound traffic",
                "from_port": 0,
                "ipv6_cidr_blocks": [],
                "prefix_list_ids": [],
                "protocol": "-1",
                "security_groups": [],
                "self": false,
                "to_port": 0
              }
            ],
            "id": "sg-00f78ea06a68cb919",
            "ingress": [
              {
                "cidr_blocks": [
                  "123.20.239.118/32"
                ],
                "description": "22 from workstation",
                "from_port": 22,
                "ipv6_cidr_blocks": [],
                "prefix_list_ids": [],
                "protocol": "tcp",
                "security_groups": [],
                "self": false,
                "to_port": 22
              }
            ],
            "name": "bastion",
            "name_prefix": "",
            "owner_id": "596757758746",
            "region": "ap-southeast-1",
            "revoke_rules_on_delete": false,
            "tags": {
              "Name": "allow traffic"
            },
            "tags_all": {
              "Name": "allow traffic"
            },
            "timeouts": null,
            "vpc_id": "vpc-07283535c32223c98"
          },
          "sensitive_attributes": [],
          "identity_schema_version": 0,
          "identity": {
            "account_id": "596757758746",
            "id": "sg-00f78ea06a68cb919",
            "region": "ap-southeast-1"
          },
          "private": "eyJlMmJmYjczMC1lY2FhLTExZTYtOGY4OC0zNDM2M2JjN2M0YzAiOnsiY3JlYXRlIjo2MDAwMDAwMDAwMDAsImRlbGV0ZSI6OTAwMDAwMDAwMDAwfSwic2NoZW1hX3ZlcnNpb24iOiIxIn0=",
          "dependencies": [
            "module.network.module.vpc.aws_cloudwatch_log_group.flow_log",
            "module.network.module.vpc.aws_customer_gateway.this",
            "module.network.module.vpc.aws_db_subnet_group.database",
            "module.network.module.vpc.aws_default_network_acl.this",
            "module.network.module.vpc.aws_default_route_table.default",
            "module.network.module.vpc.aws_default_security_group.this",
            "module.network.module.vpc.aws_default_vpc.this",
            "module.network.module.vpc.aws_egress_only_internet_gateway.this",
            "module.network.module.vpc.aws_eip.nat",
            "module.network.module.vpc.aws_elasticache_subnet_group.elasticache",
            "module.network.module.vpc.aws_flow_log.this",
            "module.network.module.vpc.aws_iam_policy.vpc_flow_log_cloudwatch",
            "module.network.module.vpc.aws_iam_role.vpc_flow_log_cloudwatch",
            "module.network.module.vpc.aws_iam_role_policy_attachment.vpc_flow_log_cloudwatch",
            "module.network.module.vpc.aws_internet_gateway.this",
            "module.network.module.vpc.aws_nat_gateway.this",
            "module.network.module.vpc.aws_network_acl.database",
            "module.network.module.vpc.aws_network_acl.elasticache",
            "module.network.module.vpc.aws_network_acl.intra",
            "module.network.module.vpc.aws_network_acl.outpost",
            "module.network.module.vpc.aws_network_acl.private",
            "module.network.module.vpc.aws_network_acl.public",
            "module.network.module.vpc.aws_network_acl.redshift",
            "module.network.module.vpc.aws_network_acl_rule.database_inbound",
            "module.network.module.vpc.aws_network_acl_rule.database_outbound",
            "module.network.module.vpc.aws_network_acl_rule.elasticache_inbound",
            "module.network.module.vpc.aws_network_acl_rule.elasticache_outbound",
            "module.network.module.vpc.aws_network_acl_rule.intra_inbound",
            "module.network.module.vpc.aws_network_acl_rule.intra_outbound",
            "module.network.module.vpc.aws_network_acl_rule.outpost_inbound",
            "module.network.module.vpc.aws_network_acl_rule.outpost_outbound",
            "module.network.module.vpc.aws_network_acl_rule.private_inbound",
            "module.network.module.vpc.aws_network_acl_rule.private_outbound",
            "module.network.module.vpc.aws_network_acl_rule.public_inbound",
            "module.network.module.vpc.aws_network_acl_rule.public_outbound",
            "module.network.module.vpc.aws_network_acl_rule.redshift_inbound",
            "module.network.module.vpc.aws_network_acl_rule.redshift_outbound",
            "module.network.module.vpc.aws_redshift_subnet_group.redshift",
            "module.network.module.vpc.aws_route.database_dns64_nat_gateway",
            "module.network.module.vpc.aws_route.database_internet_gateway",
            "module.network.module.vpc.aws_route.database_ipv6_egress",
            "module.network.module.vpc.aws_route.database_nat_gateway",
            "module.network.module.vpc.aws_route.private_dns64_nat_gateway",
            "module.network.module.vpc.aws_route.private_ipv6_egress",
            "module.network.module.vpc.aws_route.private_nat_gateway",
            "module.network.module.vpc.aws_route.public_internet_gateway",
            "module.network.module.vpc.aws_route.public_internet_gateway_ipv6",
            "module.network.module.vpc.aws_route_table.database",
            "module.network.module.vpc.aws_route_table.elasticache",
            "module.network.module.vpc.aws_route_table.intra",
            "module.network.module.vpc.aws_route_table.private",
            "module.network.module.vpc.aws_route_table.public",
            "module.network.module.vpc.aws_route_table.redshift",
            "module.network.module.vpc.aws_route_table_association.database",
            "module.network.module.vpc.aws_route_table_association.elasticache",
            "module.network.module.vpc.aws_route_table_association.intra",
            "module.network.module.vpc.aws_route_table_association.outpost",
            "module.network.module.vpc.aws_route_table_association.private",
            "module.network.module.vpc.aws_route_table_association.public",
            "module.network.module.vpc.aws_route_table_association.redshift",
            "module.network.module.vpc.aws_route_table_association.redshift_public",
            "module.network.module.vpc.aws_subnet.database",
            "module.network.module.vpc.aws_subnet.elasticache",
            "module.network.module.vpc.aws_subnet.intra",
            "module.network.module.vpc.aws_subnet.outpost",
            "module.network.module.vpc.aws_subnet.private",
            "module.network.module.vpc.aws_subnet.public",
            "module.network.module.vpc.aws_subnet.redshift",
            "module.network.module.vpc.aws_vpc.this",
            "module.network.module.vpc.aws_vpc_dhcp_options.this",
            "module.network.module.vpc.aws_vpc_dhcp_options_association.this",
            "module.network.module.vpc.aws_vpc_ipv4_cidr_block_association.this",
            "module.network.module.vpc.aws_vpn_gateway.this",
            "module.network.module.vpc.aws_vpn_gateway_attachment.this",
            "module.network.module.vpc.aws_vpn_gateway_route_propagation.intra",
            "module.network.module.vpc.aws_vpn_gateway_route_propagation.private",
            "module.network.module.vpc.aws_vpn_gateway_route_propagation.public",
            "module.network.module.vpc.data.aws_iam_policy_document.flow_log_cloudwatch_assume_role",
            "module.network.module.vpc.data.aws_iam_policy_document.vpc_flow_log_cloudwatch"
          ]
        }
      ]
    },
    {
      "module": "module.security",
      "mode": "managed",
      "type": "aws_security_group",
      "name": "mongodb",
      "provider": "provider[\"registry.terraform.io/hashicorp/aws\"]",
      "instances": [
        {
          "schema_version": 1,
          "attributes": {
            "arn": "arn:aws:ec2:ap-southeast-1:596757758746:security-group/sg-0df0d8db2cd3ee7e6",
            "description": "mongodb network traffic",
            "egress": [
              {
                "cidr_blocks": [
                  "0.0.0.0/0"
                ],
                "description": "all all outbound traffic",
                "from_port": 0,
                "ipv6_cidr_blocks": [],
                "prefix_list_ids": [],
                "protocol": "-1",
                "security_groups": [],
                "self": false,
                "to_port": 0
              }
            ],
            "id": "sg-0df0d8db2cd3ee7e6",
            "ingress": [
              {
                "cidr_blocks": [],
                "description": "22 from bastion",
                "from_port": 22,
                "ipv6_cidr_blocks": [],
                "prefix_list_ids": [],
                "protocol": "tcp",
                "security_groups": [
                  "sg-00f78ea06a68cb919"
                ],
                "self": false,
                "to_port": 22
              },
              {
                "cidr_blocks": [],
                "description": "27017 from application",
                "from_port": 27017,
                "ipv6_cidr_blocks": [],
                "prefix_list_ids": [],
                "protocol": "tcp",
                "security_groups": [
                  "sg-09b187212d1ae3a01"
                ],
                "self": false,
                "to_port": 27017
              }
            ],
            "name": "mongodb",
            "name_prefix": "",
            "owner_id": "596757758746",
            "region": "ap-southeast-1",
            "revoke_rules_on_delete": false,
            "tags": {
              "Name": "database allow traffic"
            },
            "tags_all": {
              "Name": "database allow traffic"
            },
            "timeouts": null,
            "vpc_id": "vpc-07283535c32223c98"
          },
          "sensitive_attributes": [],
          "identity_schema_version": 0,
          "identity": {
            "account_id": "596757758746",
            "id": "sg-0df0d8db2cd3ee7e6",
            "region": "ap-southeast-1"
          },
          "private": "eyJlMmJmYjczMC1lY2FhLTExZTYtOGY4OC0zNDM2M2JjN2M0YzAiOnsiY3JlYXRlIjo2MDAwMDAwMDAwMDAsImRlbGV0ZSI6OTAwMDAwMDAwMDAwfSwic2NoZW1hX3ZlcnNpb24iOiIxIn0=",
          "dependencies": [
            "module.network.module.vpc.aws_cloudwatch_log_group.flow_log",
            "module.network.module.vpc.aws_customer_gateway.this",
            "module.network.module.vpc.aws_db_subnet_group.database",
            "module.network.module.vpc.aws_default_network_acl.this",
            "module.network.module.vpc.aws_default_route_table.default",
            "module.network.module.vpc.aws_default_security_group.this",
            "module.network.module.vpc.aws_default_vpc.this",
            "module.network.module.vpc.aws_egress_only_internet_gateway.this",
            "module.network.module.vpc.aws_eip.nat",
            "module.network.module.vpc.aws_elasticache_subnet_group.elasticache",
            "module.network.module.vpc.aws_flow_log.this",
            "module.network.module.vpc.aws_iam_policy.vpc_flow_log_cloudwatch",
            "module.network.module.vpc.aws_iam_role.vpc_flow_log_cloudwatch",
            "module.network.module.vpc.aws_iam_role_policy_attachment.vpc_flow_log_cloudwatch",
            "module.network.module.vpc.aws_internet_gateway.this",
            "module.network.module.vpc.aws_nat_gateway.this",
            "module.network.module.vpc.aws_network_acl.database",
            "module.network.module.vpc.aws_network_acl.elasticache",
            "module.network.module.vpc.aws_network_acl.intra",
            "module.network.module.vpc.aws_network_acl.outpost",
            "module.network.module.vpc.aws_network_acl.private",
            "module.network.module.vpc.aws_network_acl.public",
            "module.network.module.vpc.aws_network_acl.redshift",
            "module.network.module.vpc.aws_network_acl_rule.database_inbound",
            "module.network.module.vpc.aws_network_acl_rule.database_outbound",
            "module.network.module.vpc.aws_network_acl_rule.elasticache_inbound",
            "module.network.module.vpc.aws_network_acl_rule.elasticache_outbound",
            "module.network.module.vpc.aws_network_acl_rule.intra_inbound",
            "module.network.module.vpc.aws_network_acl_rule.intra_outbound",
            "module.network.module.vpc.aws_network_acl_rule.outpost_inbound",
            "module.network.module.vpc.aws_network_acl_rule.outpost_outbound",
            "module.network.module.vpc.aws_network_acl_rule.private_inbound",
            "module.network.module.vpc.aws_network_acl_rule.private_outbound",
            "module.network.module.vpc.aws_network_acl_rule.public_inbound",
            "module.network.module.vpc.aws_network_acl_rule.public_outbound",
            "module.network.module.vpc.aws_network_acl_rule.redshift_inbound",
            "module.network.module.vpc.aws_network_acl_rule.redshift_outbound",
            "module.network.module.vpc.aws_redshift_subnet_group.redshift",
            "module.network.module.vpc.aws_route.database_dns64_nat_gateway",
            "module.network.module.vpc.aws_route.database_internet_gateway",
            "module.network.module.vpc.aws_route.database_ipv6_egress",
            "module.network.module.vpc.aws_route.database_nat_gateway",
            "module.network.module.vpc.aws_route.private_dns64_nat_gateway",
            "module.network.module.vpc.aws_route.private_ipv6_egress",
            "module.network.module.vpc.aws_route.private_nat_gateway",
            "module.network.module.vpc.aws_route.public_internet_gateway",
            "module.network.module.vpc.aws_route.public_internet_gateway_ipv6",
            "module.network.module.vpc.aws_route_table.database",
            "module.network.module.vpc.aws_route_table.elasticache",
            "module.network.module.vpc.aws_route_table.intra",
            "module.network.module.vpc.aws_route_table.private",
            "module.network.module.vpc.aws_route_table.public",
            "module.network.module.vpc.aws_route_table.redshift",
            "module.network.module.vpc.aws_route_table_association.database",
            "module.network.module.vpc.aws_route_table_association.elasticache",
            "module.network.module.vpc.aws_route_table_association.intra",
            "module.network.module.vpc.aws_route_table_association.outpost",
            "module.network.module.vpc.aws_route_table_association.private",
            "module.network.module.vpc.aws_route_table_association.public",
            "module.network.module.vpc.aws_route_table_association.redshift",
            "module.network.module.vpc.aws_route_table_association.redshift_public",
            "module.network.module.vpc.aws_subnet.database",
            "module.network.module.vpc.aws_subnet.elasticache",
            "module.network.module.vpc.aws_subnet.intra",
            "module.network.module.vpc.aws_subnet.outpost",
            "module.network.module.vpc.aws_subnet.private",
            "module.network.module.vpc.aws_subnet.public",
            "module.network.module.vpc.aws_subnet.redshift",
            "module.network.module.vpc.aws_vpc.this",
            "module.network.module.vpc.aws_vpc_dhcp_options.this",
            "module.network.module.vpc.aws_vpc_dhcp_options_association.this",
            "module.network.module.vpc.aws_vpc_ipv4_cidr_block_association.this",
            "module.network.module.vpc.aws_vpn_gateway.this",
            "module.network.module.vpc.aws_vpn_gateway_attachment.this",
            "module.network.module.vpc.aws_vpn_gateway_route_propagation.intra",
            "module.network.module.vpc.aws_vpn_gateway_route_propagation.private",
            "module.network.module.vpc.aws_vpn_gateway_route_propagation.public",
            "module.network.module.vpc.data.aws_iam_policy_document.flow_log_cloudwatch_assume_role",
            "module.network.module.vpc.data.aws_iam_policy_document.vpc_flow_log_cloudwatch",
            "module.security.aws_security_group.alb",
            "module.security.aws_security_group.application",
            "module.security.aws_security_group.bastion"
          ]
        }
      ]
    },
    {
      "module": "module.storage",
      "mode": "managed",
      "type": "aws_instance",
      "name": "mongo",
      "provider": "provider[\"registry.terraform.io/hashicorp/aws\"]",
      "instances": [
        {
          "schema_version": 2,
          "attributes": {
            "ami": "ami-0fa377108253bf620",
            "arn": "arn:aws:ec2:ap-southeast-1:596757758746:instance/i-0c478b56b1bd8bad9",
            "associate_public_ip_address": false,
            "availability_zone": "ap-southeast-1a",
            "capacity_reservation_specification": [
              {
                "capacity_reservation_preference": "open",
                "capacity_reservation_target": []
              }
            ],
            "cpu_options": [
              {
                "amd_sev_snp": "",
                "core_count": 1,
                "threads_per_core": 2
              }
            ],
            "credit_specification": [
              {
                "cpu_credits": "unlimited"
              }
            ],
            "disable_api_stop": false,
            "disable_api_termination": false,
            "ebs_block_device": [],
            "ebs_optimized": false,
            "enable_primary_ipv6": null,
            "enclave_options": [
              {
                "enabled": false
              }
            ],
            "ephemeral_block_device": [],
            "force_destroy": false,
            "get_password_data": false,
            "hibernation": false,
            "host_id": "",
            "host_resource_group_arn": null,
            "iam_instance_profile": "",
            "id": "i-0c478b56b1bd8bad9",
            "instance_initiated_shutdown_behavior": "stop",
            "instance_lifecycle": "",
            "instance_market_options": [],
            "instance_state": "running",
            "instance_type": "t3.micro",
            "ipv6_address_count": 0,
            "ipv6_addresses": [],
            "key_name": "duongcon-keypair",
            "launch_template": [],
            "maintenance_options": [
              {
                "auto_recovery": "default"
              }
            ],
            "metadata_options": [
              {
                "http_endpoint": "enabled",
                "http_protocol_ipv6": "disabled",
                "http_put_response_hop_limit": 1,
                "http_tokens": "optional",
                "instance_metadata_tags": "disabled"
              }
            ],
            "monitoring": false,
            "network_interface": [],
            "outpost_arn": "",
            "password_data": "",
            "placement_group": "",
            "placement_group_id": "",
            "placement_partition_number": 0,
            "primary_network_interface": [
              {
                "delete_on_termination": true,
                "network_interface_id": "eni-06f065c178d766e00"
              }
            ],
            "primary_network_interface_id": "eni-06f065c178d766e00",
            "private_dns": "ip-10-10-101-207.ap-southeast-1.compute.internal",
            "private_dns_name_options": [
              {
                "enable_resource_name_dns_a_record": false,
                "enable_resource_name_dns_aaaa_record": false,
                "hostname_type": "ip-name"
              }
            ],
            "private_ip": "10.10.101.207",
            "public_dns": "",
            "public_ip": "",
            "region": "ap-southeast-1",
            "root_block_device": [
              {
                "delete_on_termination": true,
                "device_name": "/dev/sda1",
                "encrypted": true,
                "iops": 100,
                "kms_key_id": "arn:aws:kms:ap-southeast-1:596757758746:key/3a645902-365e-4a58-8df7-f23a219c3d50",
                "tags": null,
                "tags_all": {},
                "throughput": 0,
                "volume_id": "vol-0a1060051bb38c21b",
                "volume_size": 10,
                "volume_type": "gp2"
              }
            ],
            "secondary_private_ips": [],
            "security_groups": [],
            "source_dest_check": true,
            "spot_instance_request_id": "",
            "subnet_id": "subnet-0a2d03fa43f024649",
            "tags": {
              "Name": "Mongo",
              "Owner": "DuongCon"
            },
            "tags_all": {
              "Name": "Mongo",
              "Owner": "DuongCon"
            },
            "tenancy": "default",
            "timeouts": null,
            "user_data": "#!/bin/bash\napt-get -y update\napt-get install gnupg curl\ncurl -fsSL https://pgp.mongodb.com/server-7.0.asc | \\\n   sudo gpg -o /usr/share/keyrings/mongodb-server-7.0.gpg \\\n   --dearmor\necho \"deb [ arch=amd64,arm64 signed-by=/usr/share/keyrings/mongodb-server-7.0.gpg ] https://repo.mongodb.org/apt/ubuntu jammy/mongodb-org/7.0 multiverse\" | sudo tee /etc/apt/sources.list.d/mongodb-org-7.0.list\nsudo apt-get update\nsudo apt-get install -y mongodb-org\n\ncat \u003e /etc/mongod.conf \u003c\u003c EOF\nstorage:\n  dbPath: /var/lib/mongodb\n\nsystemLog:\n  destination: file\n  logAppend: true\n  path: /var/log/mongodb/mongod.log\n\nnet:\n  port: 27017\n  bindIp: 0.0.0.0\n\nprocessManagement:\n  timeZoneInfo: /usr/share/zoneinfo\nEOF\n\necho starting mongo...\nsystemctl start mongod\n\necho preparing mongodb data population script...\nmkdir -p /tmp/cloudacademy-app\ncd /tmp/cloudacademy-app\n\ncat \u003e db.setup.js \u003c\u003c EOF\nuse langdb;\ndb.languages.insert({\"name\" : \"csharp\", \"codedetail\" : { \"usecase\" : \"system, web, server-side\", \"rank\" : 5, \"compiled\" : false, \"homepage\" : \"https://dotnet.microsoft.com/learn/csharp\", \"download\" : \"https://dotnet.microsoft.com/download/\", \"votes\" : 0}});\ndb.languages.insert({\"name\" : \"python\", \"codedetail\" : { \"usecase\" : \"system, web, server-side\", \"rank\" : 3, \"script\" : false, \"homepage\" : \"https://www.python.org/\", \"download\" : \"https://www.python.org/downloads/\", \"votes\" : 0}});\ndb.languages.insert({\"name\" : \"javascript\", \"codedetail\" : { \"usecase\" : \"web, client-side\", \"rank\" : 7, \"script\" : false, \"homepage\" : \"https://en.wikipedia.org/wiki/JavaScript\", \"download\" : \"n/a\", \"votes\" : 0}});\ndb.languages.insert({\"name\" : \"go\", \"codedetail\" : { \"usecase\" : \"system, web, server-side\", \"rank\" : 12, \"compiled\" : true, \"homepage\" : \"https://golang.org\", \"download\" : \"https://golang.org/dl/\", \"votes\" : 0}});\ndb.languages.insert({\"name\" : \"java\", \"codedetail\" : { \"usecase\" : \"system, web, server-side\", \"rank\" : 1, \"compiled\" : true, \"homepage\" : \"https://www.java.com/en/\", \"download\" : \"https://www.java.com/en/download/\", \"votes\" : 0}});\ndb.languages.insert({\"name\" : \"nodejs\", \"codedetail\" : { \"usecase\" : \"system, web, server-side\", \"rank\" : 20, \"script\" : false, \"homepage\" : \"https://nodejs.org/en/\", \"download\" : \"https://nodejs.org/en/download/\", \"votes\" : 0}});\ndb.languages.find().pretty();\nEOF\n\nuntil mongosh \u003c db.setup.js; do sleep 5; done\n\necho fin v1.00!\n",
            "user_data_base64": null,
            "user_data_replace_on_change": false,
            "volume_tags": null,
            "vpc_security_group_ids": [
              "sg-0df0d8db2cd3ee7e6"
            ]
          },
          "sensitive_attributes": [],
          "identity_schema_version": 0,
          "identity": {
            "account_id": "596757758746",
            "id": "i-0c478b56b1bd8bad9",
            "region": "ap-southeast-1"
          },
          "private": "eyJlMmJmYjczMC1lY2FhLTExZTYtOGY4OC0zNDM2M2JjN2M0YzAiOnsiY3JlYXRlIjo2MDAwMDAwMDAwMDAsImRlbGV0ZSI6MTIwMDAwMDAwMDAwMCwicmVhZCI6OTAwMDAwMDAwMDAwLCJ1cGRhdGUiOjYwMDAwMDAwMDAwMH0sInNjaGVtYV92ZXJzaW9uIjoiMiJ9",
          "dependencies": [
            "aws_key_pair.duongcon-keypair",
            "module.network.module.vpc.aws_cloudwatch_log_group.flow_log",
            "module.network.module.vpc.aws_customer_gateway.this",
            "module.network.module.vpc.aws_db_subnet_group.database",
            "module.network.module.vpc.aws_default_network_acl.this",
            "module.network.module.vpc.aws_default_route_table.default",
            "module.network.module.vpc.aws_default_security_group.this",
            "module.network.module.vpc.aws_default_vpc.this",
            "module.network.module.vpc.aws_egress_only_internet_gateway.this",
            "module.network.module.vpc.aws_eip.nat",
            "module.network.module.vpc.aws_elasticache_subnet_group.elasticache",
            "module.network.module.vpc.aws_flow_log.this",
            "module.network.module.vpc.aws_iam_policy.vpc_flow_log_cloudwatch",
            "module.network.module.vpc.aws_iam_role.vpc_flow_log_cloudwatch",
            "module.network.module.vpc.aws_iam_role_policy_attachment.vpc_flow_log_cloudwatch",
            "module.network.module.vpc.aws_internet_gateway.this",
            "module.network.module.vpc.aws_nat_gateway.this",
            "module.network.module.vpc.aws_network_acl.database",
            "module.network.module.vpc.aws_network_acl.elasticache",
            "module.network.module.vpc.aws_network_acl.intra",
            "module.network.module.vpc.aws_network_acl.outpost",
            "module.network.module.vpc.aws_network_acl.private",
            "module.network.module.vpc.aws_network_acl.public",
            "module.network.module.vpc.aws_network_acl.redshift",
            "module.network.module.vpc.aws_network_acl_rule.database_inbound",
            "module.network.module.vpc.aws_network_acl_rule.database_outbound",
            "module.network.module.vpc.aws_network_acl_rule.elasticache_inbound",
            "module.network.module.vpc.aws_network_acl_rule.elasticache_outbound",
            "module.network.module.vpc.aws_network_acl_rule.intra_inbound",
            "module.network.module.vpc.aws_network_acl_rule.intra_outbound",
            "module.network.module.vpc.aws_network_acl_rule.outpost_inbound",
            "module.network.module.vpc.aws_network_acl_rule.outpost_outbound",
            "module.network.module.vpc.aws_network_acl_rule.private_inbound",
            "module.network.module.vpc.aws_network_acl_rule.private_outbound",
            "module.network.module.vpc.aws_network_acl_rule.public_inbound",
            "module.network.module.vpc.aws_network_acl_rule.public_outbound",
            "module.network.module.vpc.aws_network_acl_rule.redshift_inbound",
            "module.network.module.vpc.aws_network_acl_rule.redshift_outbound",
            "module.network.module.vpc.aws_redshift_subnet_group.redshift",
            "module.network.module.vpc.aws_route.database_dns64_nat_gateway",
            "module.network.module.vpc.aws_route.database_internet_gateway",
            "module.network.module.vpc.aws_route.database_ipv6_egress",
            "module.network.module.vpc.aws_route.database_nat_gateway",
            "module.network.module.vpc.aws_route.private_dns64_nat_gateway",
            "module.network.module.vpc.aws_route.private_ipv6_egress",
            "module.network.module.vpc.aws_route.private_nat_gateway",
            "module.network.module.vpc.aws_route.public_internet_gateway",
            "module.network.module.vpc.aws_route.public_internet_gateway_ipv6",
            "module.network.module.vpc.aws_route_table.database",
            "module.network.module.vpc.aws_route_table.elasticache",
            "module.network.module.vpc.aws_route_table.intra",
            "module.network.module.vpc.aws_route_table.private",
            "module.network.module.vpc.aws_route_table.public",
            "module.network.module.vpc.aws_route_table.redshift",
            "module.network.module.vpc.aws_route_table_association.database",
            "module.network.module.vpc.aws_route_table_association.elasticache",
            "module.network.module.vpc.aws_route_table_association.intra",
            "module.network.module.vpc.aws_route_table_association.outpost",
            "module.network.module.vpc.aws_route_table_association.private",
            "module.network.module.vpc.aws_route_table_association.public",
            "module.network.module.vpc.aws_route_table_association.redshift",
            "module.network.module.vpc.aws_route_table_association.redshift_public",
            "module.network.module.vpc.aws_subnet.database",
            "module.network.module.vpc.aws_subnet.elasticache",
            "module.network.module.vpc.aws_subnet.intra",
            "module.network.module.vpc.aws_subnet.outpost",
            "module.network.module.vpc.aws_subnet.private",
            "module.network.module.vpc.aws_subnet.public",
            "module.network.module.vpc.aws_subnet.redshift",
            "module.network.module.vpc.aws_vpc.this",
            "module.network.module.vpc.aws_vpc_dhcp_options.this",
            "module.network.module.vpc.aws_vpc_dhcp_options_association.this",
            "module.network.module.vpc.aws_vpc_ipv4_cidr_block_association.this",
            "module.network.module.vpc.aws_vpn_gateway.this",
            "module.network.module.vpc.aws_vpn_gateway_attachment.this",
            "module.network.module.vpc.aws_vpn_gateway_route_propagation.intra",
            "module.network.module.vpc.aws_vpn_gateway_route_propagation.private",
            "module.network.module.vpc.aws_vpn_gateway_route_propagation.public",
            "module.network.module.vpc.data.aws_iam_policy_document.flow_log_cloudwatch_assume_role",
            "module.network.module.vpc.data.aws_iam_policy_document.vpc_flow_log_cloudwatch",
            "module.security.aws_security_group.alb",
            "module.security.aws_security_group.application",
            "module.security.aws_security_group.bastion",
            "module.security.aws_security_group.mongodb"
          ]
        }
      ]
    }
  ],
  "check_results": null
}
