{
  "version": 4,
  "terraform_version": "1.14.0",
  "serial": 5,
  "lineage": "49679729-9651-38ae-66a5-ddb56b4198b8",
  "outputs": {
    "instance_id_addr_private": {
      "value": "172.31.27.87",
      "type": "string"
    },
    "instance_id_addr_public": {
      "value": "47.130.143.75",
      "type": "string"
    },
    "security_group_id": {
      "value": "sg-0ee9a5276d0c59529",
      "type": "string"
    }
  },
  "resources": [
    {
      "mode": "managed",
      "type": "aws_eip",
      "name": "demo-eip",
      "provider": "provider[\"registry.terraform.io/hashicorp/aws\"]",
      "instances": [
        {
          "schema_version": 0,
          "attributes": {
            "address": null,
            "allocation_id": "eipalloc-08dec569b1d500946",
            "arn": "arn:aws:ec2:ap-southeast-1:596757758746:elastic-ip/eipalloc-08dec569b1d500946",
            "associate_with_private_ip": null,
            "association_id": "eipassoc-04eba64239c78b546",
            "carrier_ip": "",
            "customer_owned_ip": "",
            "customer_owned_ipv4_pool": "",
            "domain": "vpc",
            "id": "eipalloc-08dec569b1d500946",
            "instance": "i-0c49152cb97dc95c6",
            "ipam_pool_id": null,
            "network_border_group": "ap-southeast-1",
            "network_interface": "eni-0dd08d08d263774c9",
            "private_dns": "ip-172-31-27-87.ap-southeast-1.compute.internal",
            "private_ip": "172.31.27.87",
            "ptr_record": "",
            "public_dns": "ec2-47-130-143-75.ap-southeast-1.compute.amazonaws.com",
            "public_ip": "47.130.143.75",
            "public_ipv4_pool": "amazon",
            "tags": null,
            "tags_all": {},
            "timeouts": null,
            "vpc": true
          },
          "sensitive_attributes": [],
          "identity_schema_version": 0,
          "private": "eyJlMmJmYjczMC1lY2FhLTExZTYtOGY4OC0zNDM2M2JjN2M0YzAiOnsiZGVsZXRlIjoxODAwMDAwMDAwMDAsInJlYWQiOjkwMDAwMDAwMDAwMCwidXBkYXRlIjozMDAwMDAwMDAwMDB9fQ==",
          "dependencies": [
            "aws_instance.duongcon-instance",
            "aws_key_pair.duongcon-keypair",
            "aws_security_group.duongcon-security-group"
          ]
        }
      ]
    },
    {
      "mode": "managed",
      "type": "aws_instance",
      "name": "duongcon-instance",
      "provider": "provider[\"registry.terraform.io/hashicorp/aws\"]",
      "instances": [
        {
          "schema_version": 1,
          "attributes": {
            "ami": "ami-093a7f5fbae13ff67",
            "arn": "arn:aws:ec2:ap-southeast-1:596757758746:instance/i-0c49152cb97dc95c6",
            "associate_public_ip_address": true,
            "availability_zone": "ap-southeast-1b",
            "capacity_reservation_specification": [
              {
                "capacity_reservation_preference": "open",
                "capacity_reservation_target": []
              }
            ],
            "cpu_core_count": 1,
            "cpu_options": [
              {
                "amd_sev_snp": "",
                "core_count": 1,
                "threads_per_core": 1
              }
            ],
            "cpu_threads_per_core": 1,
            "credit_specification": [
              {
                "cpu_credits": "standard"
              }
            ],
            "disable_api_stop": false,
            "disable_api_termination": false,
            "ebs_block_device": [],
            "ebs_optimized": false,
            "enable_primary_ipv6": null,
            "enclave_options": [
              {
                "enabled": false
              }
            ],
            "ephemeral_block_device": [],
            "get_password_data": false,
            "hibernation": false,
            "host_id": "",
            "host_resource_group_arn": null,
            "iam_instance_profile": "",
            "id": "i-0c49152cb97dc95c6",
            "instance_initiated_shutdown_behavior": "stop",
            "instance_lifecycle": "",
            "instance_market_options": [],
            "instance_state": "running",
            "instance_type": "t2.micro",
            "ipv6_address_count": 0,
            "ipv6_addresses": [],
            "key_name": "duongcon-keypair",
            "launch_template": [],
            "maintenance_options": [
              {
                "auto_recovery": "default"
              }
            ],
            "metadata_options": [
              {
                "http_endpoint": "enabled",
                "http_protocol_ipv6": "disabled",
                "http_put_response_hop_limit": 2,
                "http_tokens": "required",
                "instance_metadata_tags": "disabled"
              }
            ],
            "monitoring": false,
            "network_interface": [],
            "outpost_arn": "",
            "password_data": "",
            "placement_group": "",
            "placement_partition_number": 0,
            "primary_network_interface_id": "eni-0dd08d08d263774c9",
            "private_dns": "ip-172-31-27-87.ap-southeast-1.compute.internal",
            "private_dns_name_options": [
              {
                "enable_resource_name_dns_a_record": false,
                "enable_resource_name_dns_aaaa_record": false,
                "hostname_type": "ip-name"
              }
            ],
            "private_ip": "172.31.27.87",
            "public_dns": "ec2-13-229-122-179.ap-southeast-1.compute.amazonaws.com",
            "public_ip": "13.229.122.179",
            "root_block_device": [
              {
                "delete_on_termination": true,
                "device_name": "/dev/xvda",
                "encrypted": false,
                "iops": 3000,
                "kms_key_id": "",
                "tags": {},
                "tags_all": {},
                "throughput": 125,
                "volume_id": "vol-0af87f21538178cf7",
                "volume_size": 8,
                "volume_type": "gp3"
              }
            ],
            "secondary_private_ips": [],
            "security_groups": [
              "duongcon-security-group"
            ],
            "source_dest_check": true,
            "spot_instance_request_id": "",
            "subnet_id": "subnet-07931677fa9e487e7",
            "tags": {
              "Name": "DuongCon-Instance"
            },
            "tags_all": {
              "Name": "DuongCon-Instance"
            },
            "tenancy": "default",
            "timeouts": null,
            "user_data": null,
            "user_data_base64": null,
            "user_data_replace_on_change": false,
            "volume_tags": null,
            "vpc_security_group_ids": [
              "sg-0ee9a5276d0c59529"
            ]
          },
          "sensitive_attributes": [],
          "identity_schema_version": 0,
          "private": "eyJlMmJmYjczMC1lY2FhLTExZTYtOGY4OC0zNDM2M2JjN2M0YzAiOnsiY3JlYXRlIjo2MDAwMDAwMDAwMDAsImRlbGV0ZSI6MTIwMDAwMDAwMDAwMCwicmVhZCI6OTAwMDAwMDAwMDAwLCJ1cGRhdGUiOjYwMDAwMDAwMDAwMH0sInNjaGVtYV92ZXJzaW9uIjoiMSJ9",
          "dependencies": [
            "aws_key_pair.duongcon-keypair",
            "aws_security_group.duongcon-security-group"
          ]
        }
      ]
    },
    {
      "mode": "managed",
      "type": "aws_key_pair",
      "name": "duongcon-keypair",
      "provider": "provider[\"registry.terraform.io/hashicorp/aws\"]",
      "instances": [
        {
          "schema_version": 1,
          "attributes": {
            "arn": "arn:aws:ec2:ap-southeast-1:596757758746:key-pair/duongcon-keypair",
            "fingerprint": "96:83:7d:e4:36:27:98:c8:e4:55:78:ee:e4:76:42:61",
            "id": "duongcon-keypair",
            "key_name": "duongcon-keypair",
            "key_name_prefix": "",
            "key_pair_id": "key-0f816911203c86109",
            "key_type": "rsa",
            "public_key": "ssh-rsa AAAAB3NzaC1yc2EAAAADAQABAAACAQCjaCCmk0QkB0fw/51t2X6OD1tZnxfn2uHAC9sRTyir1korJtV9InKB7slJT7wSxS7aDeQIGwI8ogZrf4XFQZtw0fVAdVjmY9120L3h28J82Bt1675+0gVJwMls4gnH4z73G528tkzqL68cAeYkkHoONWU9/GjsenBSBNkbEzyyNsyTznZDOirzq4Dck5aPjLE3h3iZ/TahZjKdBNLxcm7li8pz99jgFZU+mVHHavA9znhQ0cUiqnMNh3WWe3OyTnQRW2/mn8K0Wyhq57PHJY8sIe9wqAuaZQyaCxXhbXfv8kI5cEtzmoq5a/Ma1Pb81IWzUrOcHGJOdGHpRdnPHAYbpCJ46ZrCbebtollMskCGnsNI8lb1ZJpuDuCFaP2GatpIZ9e78oKt0oVBpg+4VO7/Hvg6gjts2iTUmJc5n4gL0sp/fXer5gmacnLq2rKecjH1skQaT1STXBQ+r2Ga1db9ByoIGcFiejdGdNgUITRZgIdsFxgA8vjMq56Y/S5Oc013axoIFFQ2gvGpN8C0JiFc6bvrZl4SCsxf3S82UDxWwP0FGl9Uci6ydKQQMuda9gHWmQI+KY/ebzsBHxWW3IGOKAyDx6mfXGDRUyW96qMcbzWrKhsPl9x/f7U0RkmkX48L3ZzJMtD3TZvW8okIysf0qBKk6AUnluAN3PQemrHlfw== dendiduong@gmail.com",
            "tags": null,
            "tags_all": {}
          },
          "sensitive_attributes": [],
          "identity_schema_version": 0,
          "private": "eyJzY2hlbWFfdmVyc2lvbiI6IjEifQ=="
        }
      ]
    },
    {
      "mode": "managed",
      "type": "aws_security_group",
      "name": "duongcon-security-group",
      "provider": "provider[\"registry.terraform.io/hashicorp/aws\"]",
      "instances": [
        {
          "schema_version": 1,
          "attributes": {
            "arn": "arn:aws:ec2:ap-southeast-1:596757758746:security-group/sg-0ee9a5276d0c59529",
            "description": "Allow TLS inbound traffic and all outbound traffic",
            "egress": [
              {
                "cidr_blocks": [
                  "0.0.0.0/0"
                ],
                "description": "",
                "from_port": 0,
                "ipv6_cidr_blocks": [],
                "prefix_list_ids": [],
                "protocol": "-1",
                "security_groups": [],
                "self": false,
                "to_port": 0
              }
            ],
            "id": "sg-0ee9a5276d0c59529",
            "ingress": [
              {
                "cidr_blocks": [
                  "0.0.0.0/0"
                ],
                "description": "",
                "from_port": 22,
                "ipv6_cidr_blocks": [],
                "prefix_list_ids": [],
                "protocol": "tcp",
                "security_groups": [],
                "self": false,
                "to_port": 22
              },
              {
                "cidr_blocks": [
                  "0.0.0.0/0"
                ],
                "description": "",
                "from_port": 443,
                "ipv6_cidr_blocks": [],
                "prefix_list_ids": [],
                "protocol": "tcp",
                "security_groups": [],
                "self": false,
                "to_port": 443
              },
              {
                "cidr_blocks": [
                  "0.0.0.0/0"
                ],
                "description": "",
                "from_port": 80,
                "ipv6_cidr_blocks": [],
                "prefix_list_ids": [],
                "protocol": "tcp",
                "security_groups": [],
                "self": false,
                "to_port": 80
              }
            ],
            "name": "duongcon-security-group",
            "name_prefix": "",
            "owner_id": "596757758746",
            "revoke_rules_on_delete": false,
            "tags": null,
            "tags_all": {},
            "timeouts": null,
            "vpc_id": "vpc-0a147a2a1bf9a7252"
          },
          "sensitive_attributes": [],
          "identity_schema_version": 0,
          "private": "eyJlMmJmYjczMC1lY2FhLTExZTYtOGY4OC0zNDM2M2JjN2M0YzAiOnsiY3JlYXRlIjo2MDAwMDAwMDAwMDAsImRlbGV0ZSI6OTAwMDAwMDAwMDAwfSwic2NoZW1hX3ZlcnNpb24iOiIxIn0="
        }
      ]
    }
  ],
  "check_results": null
}
