{
  "version": 4,
  "terraform_version": "1.14.0",
  "serial": 4,
  "lineage": "5ddcd0c8-5d3e-81d8-7562-222391a4870b",
  "outputs": {},
  "resources": [
    {
      "mode": "managed",
      "type": "aws_instance",
      "name": "duongcon-instance",
      "provider": "provider[\"registry.terraform.io/hashicorp/aws\"]",
      "instances": [
        {
          "schema_version": 1,
          "attributes": {
            "ami": "ami-093a7f5fbae13ff67",
            "arn": "arn:aws:ec2:ap-southeast-1:596757758746:instance/i-004d455878e91eaa4",
            "associate_public_ip_address": true,
            "availability_zone": "ap-southeast-1b",
            "capacity_reservation_specification": [
              {
                "capacity_reservation_preference": "open",
                "capacity_reservation_target": []
              }
            ],
            "cpu_core_count": 1,
            "cpu_options": [
              {
                "amd_sev_snp": "",
                "core_count": 1,
                "threads_per_core": 1
              }
            ],
            "cpu_threads_per_core": 1,
            "credit_specification": [
              {
                "cpu_credits": "standard"
              }
            ],
            "disable_api_stop": false,
            "disable_api_termination": false,
            "ebs_block_device": [],
            "ebs_optimized": false,
            "enable_primary_ipv6": null,
            "enclave_options": [
              {
                "enabled": false
              }
            ],
            "ephemeral_block_device": [],
            "get_password_data": false,
            "hibernation": false,
            "host_id": "",
            "host_resource_group_arn": null,
            "iam_instance_profile": "",
            "id": "i-004d455878e91eaa4",
            "instance_initiated_shutdown_behavior": "stop",
            "instance_lifecycle": "",
            "instance_market_options": [],
            "instance_state": "running",
            "instance_type": "t2.micro",
            "ipv6_address_count": 0,
            "ipv6_addresses": [],
            "key_name": "duongcon-keypair",
            "launch_template": [],
            "maintenance_options": [
              {
                "auto_recovery": "default"
              }
            ],
            "metadata_options": [
              {
                "http_endpoint": "enabled",
                "http_protocol_ipv6": "disabled",
                "http_put_response_hop_limit": 2,
                "http_tokens": "required",
                "instance_metadata_tags": "disabled"
              }
            ],
            "monitoring": false,
            "network_interface": [],
            "outpost_arn": "",
            "password_data": "",
            "placement_group": "",
            "placement_partition_number": 0,
            "primary_network_interface_id": "eni-08467db8d94851bad",
            "private_dns": "ip-172-31-31-90.ap-southeast-1.compute.internal",
            "private_dns_name_options": [
              {
                "enable_resource_name_dns_a_record": false,
                "enable_resource_name_dns_aaaa_record": false,
                "hostname_type": "ip-name"
              }
            ],
            "private_ip": "172.31.31.90",
            "public_dns": "ec2-13-213-33-59.ap-southeast-1.compute.amazonaws.com",
            "public_ip": "13.213.33.59",
            "root_block_device": [
              {
                "delete_on_termination": true,
                "device_name": "/dev/xvda",
                "encrypted": false,
                "iops": 3000,
                "kms_key_id": "",
                "tags": {},
                "tags_all": {},
                "throughput": 125,
                "volume_id": "vol-04d2a2c281535f4e1",
                "volume_size": 8,
                "volume_type": "gp3"
              }
            ],
            "secondary_private_ips": [],
            "security_groups": [
              "duongcon-security-group"
            ],
            "source_dest_check": true,
            "spot_instance_request_id": "",
            "subnet_id": "subnet-07931677fa9e487e7",
            "tags": {
              "Name": "DuongCon-Instance"
            },
            "tags_all": {
              "Name": "DuongCon-Instance"
            },
            "tenancy": "default",
            "timeouts": null,
            "user_data": null,
            "user_data_base64": null,
            "user_data_replace_on_change": false,
            "volume_tags": null,
            "vpc_security_group_ids": [
              "sg-0db6ae43ca0d000ff"
            ]
          },
          "sensitive_attributes": [],
          "identity_schema_version": 0,
          "private": "eyJlMmJmYjczMC1lY2FhLTExZTYtOGY4OC0zNDM2M2JjN2M0YzAiOnsiY3JlYXRlIjo2MDAwMDAwMDAwMDAsImRlbGV0ZSI6MTIwMDAwMDAwMDAwMCwicmVhZCI6OTAwMDAwMDAwMDAwLCJ1cGRhdGUiOjYwMDAwMDAwMDAwMH0sInNjaGVtYV92ZXJzaW9uIjoiMSJ9",
          "dependencies": [
            "aws_key_pair.duongcon-keypair",
            "aws_security_group.duongcon-security-group"
          ]
        }
      ]
    },
    {
      "mode": "managed",
      "type": "aws_key_pair",
      "name": "duongcon-keypair",
      "provider": "provider[\"registry.terraform.io/hashicorp/aws\"]",
      "instances": [
        {
          "schema_version": 1,
          "attributes": {
            "arn": "arn:aws:ec2:ap-southeast-1:596757758746:key-pair/duongcon-keypair",
            "fingerprint": "ff:69:48:f8:f0:76:28:8f:f3:f4:ad:8f:3a:2f:f5:7a",
            "id": "duongcon-keypair",
            "key_name": "duongcon-keypair",
            "key_name_prefix": "",
            "key_pair_id": "key-04f2cc7af1eb5e2c8",
            "key_type": "rsa",
            "public_key": "ssh-rsa AAAAB3NzaC1yc2EAAAADAQABAAACAQCyiFRE+bUWhoH5rA7rjfIjT4bJmqDJomftQNKEZ8js2PkDgXYXPYYkA9euKhw3yA24mrCgSiDGvMnzD+Fc8TDpIle2RRYF1yCq2gKd/6ACECkhhBfnjze2RmAstqolYKtXmAza9CdG8+Xz6i+3/qkX9DAsvM/virLG3rmyKkV1Yb6jzrPMt1gYZI2UFx4jRGzO7euRXCs6xslGcAQBm/hgtj/O6cc8Um7TDmascOicZEmGODOaXJzWgq6+vrFolddAx7jfPvmtUTU7cLgw3QmdUWzmq32g27OT8guo3hfU7WRbT/jdabNUz4f3/uUtbVEIC/9HIyISAx5Im7ZfpDGn0I472WjSvcTn/KYYlh+UUiFNHiDtjz/CbfFyLUR9JffP6ISb7FAtmD3dekS9HLBQqcuYM7W2bDOxGkgIuX3zH+fWrWCHWqZhanOihLOPfO64f2lZfl8DkFNI0ciujOs4wlHD+cIzk1f0jGsHBEsXOdy0vErwgsThiW+gI73R+WNrRWM4DlXld6ZpbwwJcpkKj+4+TVofCeB//v5fpPfZmPs+d8hqz4v5J+9vQ+Kki97BDz3vRXnDx2YvMmmOy8ChuWDX4OFHohYNWEy2QDkHuLXHlRXOj8DHtWYnFSxHM7q9sBsAfpVFohWDIxzZduLMiP0hMvQ6UVqqPvUY5HLfBw== dendiduong@gmail.com",
            "tags": null,
            "tags_all": {}
          },
          "sensitive_attributes": [],
          "identity_schema_version": 0,
          "private": "eyJzY2hlbWFfdmVyc2lvbiI6IjEifQ=="
        }
      ]
    },
    {
      "mode": "managed",
      "type": "aws_security_group",
      "name": "duongcon-security-group",
      "provider": "provider[\"registry.terraform.io/hashicorp/aws\"]",
      "instances": [
        {
          "schema_version": 1,
          "attributes": {
            "arn": "arn:aws:ec2:ap-southeast-1:596757758746:security-group/sg-0db6ae43ca0d000ff",
            "description": "Allow TLS inbound traffic and all outbound traffic",
            "egress": [
              {
                "cidr_blocks": [
                  "0.0.0.0/0"
                ],
                "description": "",
                "from_port": 0,
                "ipv6_cidr_blocks": [],
                "prefix_list_ids": [],
                "protocol": "-1",
                "security_groups": [],
                "self": false,
                "to_port": 0
              }
            ],
            "id": "sg-0db6ae43ca0d000ff",
            "ingress": [
              {
                "cidr_blocks": [
                  "0.0.0.0/0"
                ],
                "description": "",
                "from_port": 22,
                "ipv6_cidr_blocks": [],
                "prefix_list_ids": [],
                "protocol": "tcp",
                "security_groups": [],
                "self": false,
                "to_port": 22
              },
              {
                "cidr_blocks": [
                  "0.0.0.0/0"
                ],
                "description": "",
                "from_port": 443,
                "ipv6_cidr_blocks": [],
                "prefix_list_ids": [],
                "protocol": "tcp",
                "security_groups": [],
                "self": false,
                "to_port": 443
              },
              {
                "cidr_blocks": [
                  "0.0.0.0/0"
                ],
                "description": "",
                "from_port": 80,
                "ipv6_cidr_blocks": [],
                "prefix_list_ids": [],
                "protocol": "tcp",
                "security_groups": [],
                "self": false,
                "to_port": 80
              }
            ],
            "name": "duongcon-security-group",
            "name_prefix": "",
            "owner_id": "596757758746",
            "revoke_rules_on_delete": false,
            "tags": null,
            "tags_all": {},
            "timeouts": null,
            "vpc_id": "vpc-0a147a2a1bf9a7252"
          },
          "sensitive_attributes": [],
          "identity_schema_version": 0,
          "private": "eyJlMmJmYjczMC1lY2FhLTExZTYtOGY4OC0zNDM2M2JjN2M0YzAiOnsiY3JlYXRlIjo2MDAwMDAwMDAwMDAsImRlbGV0ZSI6OTAwMDAwMDAwMDAwfSwic2NoZW1hX3ZlcnNpb24iOiIxIn0="
        }
      ]
    }
  ],
  "check_results": null
}
